// !$*UTF8*$!
{
	archiveVersion = 1;
	classes = {
	};
	objectVersion = 46;
	objects = {

/* Begin PBXBuildFile section */
		7604D70B185B499D0087773E /* Cocoa.framework in Frameworks */ = {isa = PBXBuildFile; fileRef = 7604D70A185B499D0087773E /* Cocoa.framework */; };
		7604D715185B499D0087773E /* InfoPlist.strings in Resources */ = {isa = PBXBuildFile; fileRef = 7604D713185B499D0087773E /* InfoPlist.strings */; };
		7604D720185B499D0087773E /* XCTest.framework in Frameworks */ = {isa = PBXBuildFile; fileRef = 7604D71F185B499D0087773E /* XCTest.framework */; };
		7604D721185B499E0087773E /* Cocoa.framework in Frameworks */ = {isa = PBXBuildFile; fileRef = 7604D70A185B499D0087773E /* Cocoa.framework */; };
		7604D724185B499E0087773E /* MDWamp.framework in Frameworks */ = {isa = PBXBuildFile; fileRef = 7604D707185B499D0087773E /* MDWamp.framework */; };
		7604D767185B6B880087773E /* Foundation.framework in Frameworks */ = {isa = PBXBuildFile; fileRef = 7604D73A185B4A7B0087773E /* Foundation.framework */; };
		7604D799185B6E8A0087773E /* libSocketRocket.a in Frameworks */ = {isa = PBXBuildFile; fileRef = 7604D792185B6E6E0087773E /* libSocketRocket.a */; };
		7604D79A185B6E910087773E /* SocketRocket.framework in Frameworks */ = {isa = PBXBuildFile; fileRef = 7604D794185B6E6E0087773E /* SocketRocket.framework */; };
		760DA6F218EAF930006EC89C /* MDWampConstants.h in Headers */ = {isa = PBXBuildFile; fileRef = 760DA6F118EAF930006EC89C /* MDWampConstants.h */; };
		760DA6F518EB0557006EC89C /* MDWampMessageFactory.h in Headers */ = {isa = PBXBuildFile; fileRef = 760DA6F318EB0557006EC89C /* MDWampMessageFactory.h */; };
		760DA6F618EB0557006EC89C /* MDWampMessageFactory.m in Sources */ = {isa = PBXBuildFile; fileRef = 760DA6F418EB0557006EC89C /* MDWampMessageFactory.m */; };
		760DA6F718EB0557006EC89C /* MDWampMessageFactory.m in Sources */ = {isa = PBXBuildFile; fileRef = 760DA6F418EB0557006EC89C /* MDWampMessageFactory.m */; };
		760DA6F818EB0557006EC89C /* MDWampMessageFactory.m in Sources */ = {isa = PBXBuildFile; fileRef = 760DA6F418EB0557006EC89C /* MDWampMessageFactory.m */; };
		760DA6FB18EB0A9E006EC89C /* MDWampMessageFactoryTests.m in Sources */ = {isa = PBXBuildFile; fileRef = 760DA6FA18EB0A9E006EC89C /* MDWampMessageFactoryTests.m */; };
		760DA6FD18EB0E7D006EC89C /* MDWampMessagesTests.m in Sources */ = {isa = PBXBuildFile; fileRef = 760DA6FC18EB0E7D006EC89C /* MDWampMessagesTests.m */; };
		7619E68B18CF65B400B0209D /* MDWampTransport.h in Headers */ = {isa = PBXBuildFile; fileRef = 7619E68A18CF65B400B0209D /* MDWampTransport.h */; };
		7619E68D18CF65D100B0209D /* MDWampTransportDelegate.h in Headers */ = {isa = PBXBuildFile; fileRef = 7619E68C18CF65D100B0209D /* MDWampTransportDelegate.h */; };
		7619E68F18CF663200B0209D /* MDWampTransports.h in Headers */ = {isa = PBXBuildFile; fileRef = 7619E68E18CF663200B0209D /* MDWampTransports.h */; };
		7619E69418CF6FF900B0209D /* MDWampTransportWebSocket.h in Headers */ = {isa = PBXBuildFile; fileRef = 7619E69218CF6FF900B0209D /* MDWampTransportWebSocket.h */; };
		7619E69518CF6FF900B0209D /* MDWampTransportWebSocket.m in Sources */ = {isa = PBXBuildFile; fileRef = 7619E69318CF6FF900B0209D /* MDWampTransportWebSocket.m */; };
		7619E69718CF6FF900B0209D /* MDWampTransportWebSocket.m in Sources */ = {isa = PBXBuildFile; fileRef = 7619E69318CF6FF900B0209D /* MDWampTransportWebSocket.m */; };
		7619E69A18CF8E9F00B0209D /* MDWampTests.m in Sources */ = {isa = PBXBuildFile; fileRef = 7619E69918CF8E9F00B0209D /* MDWampTests.m */; };
		762A2F1118772302001BE6FE /* MDWamp.h in CopyFiles */ = {isa = PBXBuildFile; fileRef = 76FD8049185BB3F000D1B5C0 /* MDWamp.h */; };
		762A2F1318772302001BE6FE /* MDWampClientDelegate.h in CopyFiles */ = {isa = PBXBuildFile; fileRef = 7646E523185BBAEF004990DD /* MDWampClientDelegate.h */; };
		7646E524185BBAEF004990DD /* MDWampClientDelegate.h in Headers */ = {isa = PBXBuildFile; fileRef = 7646E523185BBAEF004990DD /* MDWampClientDelegate.h */; };
		7646E535185BCEBC004990DD /* SocketRocket.framework in CopyFiles */ = {isa = PBXBuildFile; fileRef = 7604D794185B6E6E0087773E /* SocketRocket.framework */; };
		7646E53B185BCF92004990DD /* SocketRocket.framework in Frameworks */ = {isa = PBXBuildFile; fileRef = 7604D794185B6E6E0087773E /* SocketRocket.framework */; };
		7659705918620990008B7709 /* XCTAsyncTestCase.m in Sources */ = {isa = PBXBuildFile; fileRef = 7659705818620990008B7709 /* XCTAsyncTestCase.m */; };
		765DD2D118E484D000D4C19F /* MDWampTransportMock.m in Sources */ = {isa = PBXBuildFile; fileRef = 76EF81D318D1043700DFB13B /* MDWampTransportMock.m */; };
		76BFC09B18CCF142007B518F /* MDWampSerialization.h in Headers */ = {isa = PBXBuildFile; fileRef = 76BFC09A18CCF142007B518F /* MDWampSerialization.h */; };
		76BFC09E18CCF1CB007B518F /* MDWampSerializationJSON.h in Headers */ = {isa = PBXBuildFile; fileRef = 76BFC09C18CCF1CB007B518F /* MDWampSerializationJSON.h */; };
		76BFC09F18CCF1CB007B518F /* MDWampSerializationJSON.m in Sources */ = {isa = PBXBuildFile; fileRef = 76BFC09D18CCF1CB007B518F /* MDWampSerializationJSON.m */; };
		76BFC0A118CCF1CB007B518F /* MDWampSerializationJSON.m in Sources */ = {isa = PBXBuildFile; fileRef = 76BFC09D18CCF1CB007B518F /* MDWampSerializationJSON.m */; };
		76BFC0A518CCF23A007B518F /* NSString+MDString.h in Headers */ = {isa = PBXBuildFile; fileRef = 76BFC0A318CCF23A007B518F /* NSString+MDString.h */; };
		76BFC0A618CCF23A007B518F /* NSString+MDString.m in Sources */ = {isa = PBXBuildFile; fileRef = 76BFC0A418CCF23A007B518F /* NSString+MDString.m */; };
		76BFC0A818CCF23A007B518F /* NSString+MDString.m in Sources */ = {isa = PBXBuildFile; fileRef = 76BFC0A418CCF23A007B518F /* NSString+MDString.m */; };
		76BFC0AA18CCF3BF007B518F /* MDWampSerializations.h in Headers */ = {isa = PBXBuildFile; fileRef = 76BFC0A918CCF3BF007B518F /* MDWampSerializations.h */; };
		76BFC0AC18CCF4B5007B518F /* MDWampMessages.h in Headers */ = {isa = PBXBuildFile; fileRef = 76BFC0AB18CCF4B5007B518F /* MDWampMessages.h */; };
		76CCC6F6185BD1F10056AB98 /* InfoPlist.strings in Resources */ = {isa = PBXBuildFile; fileRef = 76CCC6EE185BD1F10056AB98 /* InfoPlist.strings */; };
		76CCC6F7185BD1F10056AB98 /* MDWampClientDelegateMock.m in Sources */ = {isa = PBXBuildFile; fileRef = 76CCC6F1185BD1F10056AB98 /* MDWampClientDelegateMock.m */; };
		76EF81DB18D1087000DFB13B /* MDWampSerializationMock.m in Sources */ = {isa = PBXBuildFile; fileRef = 76EF81DA18D1087000DFB13B /* MDWampSerializationMock.m */; };
		76FC3EE118CBB404008BAD08 /* MDWampHello.h in Headers */ = {isa = PBXBuildFile; fileRef = 76FC3EDF18CBB404008BAD08 /* MDWampHello.h */; };
		76FC3EE218CBB404008BAD08 /* MDWampHello.m in Sources */ = {isa = PBXBuildFile; fileRef = 76FC3EE018CBB404008BAD08 /* MDWampHello.m */; };
		76FC3EE418CBB404008BAD08 /* MDWampHello.m in Sources */ = {isa = PBXBuildFile; fileRef = 76FC3EE018CBB404008BAD08 /* MDWampHello.m */; };
		76FC3EF318CBB4CC008BAD08 /* MDWampWelcome.h in Headers */ = {isa = PBXBuildFile; fileRef = 76FC3EEF18CBB4CC008BAD08 /* MDWampWelcome.h */; };
		76FC3EF418CBB4CC008BAD08 /* MDWampWelcome.m in Sources */ = {isa = PBXBuildFile; fileRef = 76FC3EF018CBB4CC008BAD08 /* MDWampWelcome.m */; };
		76FC3EF618CBB4CC008BAD08 /* MDWampWelcome.m in Sources */ = {isa = PBXBuildFile; fileRef = 76FC3EF018CBB4CC008BAD08 /* MDWampWelcome.m */; };
		76FC3EF718CBB4CC008BAD08 /* MDWampMessage__.m in Sources */ = {isa = PBXBuildFile; fileRef = 76FC3EF118CBB4CC008BAD08 /* MDWampMessage__.m */; };
		76FC3EF918CBB4CC008BAD08 /* MDWampMessage__.m in Sources */ = {isa = PBXBuildFile; fileRef = 76FC3EF118CBB4CC008BAD08 /* MDWampMessage__.m */; };
		76FC3EFA18CBB4CC008BAD08 /* MDWampMessage__.h in Headers */ = {isa = PBXBuildFile; fileRef = 76FC3EF218CBB4CC008BAD08 /* MDWampMessage__.h */; };
		76FC3F0B18CBB5A4008BAD08 /* MDWampGoodbye.h in Headers */ = {isa = PBXBuildFile; fileRef = 76FC3F0718CBB5A4008BAD08 /* MDWampGoodbye.h */; };
		76FC3F0C18CBB5A4008BAD08 /* MDWampGoodbye.m in Sources */ = {isa = PBXBuildFile; fileRef = 76FC3F0818CBB5A4008BAD08 /* MDWampGoodbye.m */; };
		76FC3F0E18CBB5A4008BAD08 /* MDWampGoodbye.m in Sources */ = {isa = PBXBuildFile; fileRef = 76FC3F0818CBB5A4008BAD08 /* MDWampGoodbye.m */; };
		76FC3F0F18CBB5A4008BAD08 /* MDWampAbort.h in Headers */ = {isa = PBXBuildFile; fileRef = 76FC3F0918CBB5A4008BAD08 /* MDWampAbort.h */; };
		76FC3F1018CBB5A4008BAD08 /* MDWampAbort.m in Sources */ = {isa = PBXBuildFile; fileRef = 76FC3F0A18CBB5A4008BAD08 /* MDWampAbort.m */; };
		76FC3F1218CBB5A4008BAD08 /* MDWampAbort.m in Sources */ = {isa = PBXBuildFile; fileRef = 76FC3F0A18CBB5A4008BAD08 /* MDWampAbort.m */; };
		76FC3F1518CBB5E9008BAD08 /* MDWampError.h in Headers */ = {isa = PBXBuildFile; fileRef = 76FC3F1318CBB5E9008BAD08 /* MDWampError.h */; };
		76FC3F1618CBB5E9008BAD08 /* MDWampError.m in Sources */ = {isa = PBXBuildFile; fileRef = 76FC3F1418CBB5E9008BAD08 /* MDWampError.m */; };
		76FC3F1818CBB5E9008BAD08 /* MDWampError.m in Sources */ = {isa = PBXBuildFile; fileRef = 76FC3F1418CBB5E9008BAD08 /* MDWampError.m */; };
		76FC3F2118CBB9DD008BAD08 /* MDWampMessage.h in Headers */ = {isa = PBXBuildFile; fileRef = 76FC3F1F18CBB9DD008BAD08 /* MDWampMessage.h */; };
		76FC3F2718CBD214008BAD08 /* NSMutableArray+MDStack.h in Headers */ = {isa = PBXBuildFile; fileRef = 76FC3F2518CBD214008BAD08 /* NSMutableArray+MDStack.h */; };
		76FC3F2818CBD214008BAD08 /* NSMutableArray+MDStack.m in Sources */ = {isa = PBXBuildFile; fileRef = 76FC3F2618CBD214008BAD08 /* NSMutableArray+MDStack.m */; };
		76FC3F2A18CBD214008BAD08 /* NSMutableArray+MDStack.m in Sources */ = {isa = PBXBuildFile; fileRef = 76FC3F2618CBD214008BAD08 /* NSMutableArray+MDStack.m */; };
		76FD804B185BB3F000D1B5C0 /* MDWamp.h in Headers */ = {isa = PBXBuildFile; fileRef = 76FD8049185BB3F000D1B5C0 /* MDWamp.h */; };
		76FD804C185BB3F000D1B5C0 /* MDWamp.m in Sources */ = {isa = PBXBuildFile; fileRef = 76FD804A185BB3F000D1B5C0 /* MDWamp.m */; };
		76FD804E185BB3F000D1B5C0 /* MDWamp.m in Sources */ = {isa = PBXBuildFile; fileRef = 76FD804A185BB3F000D1B5C0 /* MDWamp.m */; };
/* End PBXBuildFile section */

/* Begin PBXContainerItemProxy section */
		7604D722185B499E0087773E /* PBXContainerItemProxy */ = {
			isa = PBXContainerItemProxy;
			containerPortal = 7604D6FE185B499D0087773E /* Project object */;
			proxyType = 1;
			remoteGlobalIDString = 7604D706185B499D0087773E;
			remoteInfo = MDWamp;
		};
		7604D791185B6E6E0087773E /* PBXContainerItemProxy */ = {
			isa = PBXContainerItemProxy;
			containerPortal = 7604D78A185B6E6E0087773E /* SocketRocket.xcodeproj */;
			proxyType = 2;
			remoteGlobalIDString = F6B2082D1450F597009315AF;
			remoteInfo = SocketRocket;
		};
		7604D793185B6E6E0087773E /* PBXContainerItemProxy */ = {
			isa = PBXContainerItemProxy;
			containerPortal = 7604D78A185B6E6E0087773E /* SocketRocket.xcodeproj */;
			proxyType = 2;
			remoteGlobalIDString = F668C880153E91210044DBAC;
			remoteInfo = SocketRocketOSX;
		};
		7604D795185B6E6E0087773E /* PBXContainerItemProxy */ = {
			isa = PBXContainerItemProxy;
			containerPortal = 7604D78A185B6E6E0087773E /* SocketRocket.xcodeproj */;
			proxyType = 2;
			remoteGlobalIDString = F6BDA802145900D200FE3253;
			remoteInfo = SRWebSocketTests;
		};
		7604D797185B6E6E0087773E /* PBXContainerItemProxy */ = {
			isa = PBXContainerItemProxy;
			containerPortal = 7604D78A185B6E6E0087773E /* SocketRocket.xcodeproj */;
			proxyType = 2;
			remoteGlobalIDString = F62417E314D52F3C003CE997;
			remoteInfo = TestChat;
		};
/* End PBXContainerItemProxy section */

/* Begin PBXCopyFilesBuildPhase section */
		7604D764185B6B880087773E /* CopyFiles */ = {
			isa = PBXCopyFilesBuildPhase;
			buildActionMask = 2147483647;
			dstPath = "include/$(PRODUCT_NAME)";
			dstSubfolderSpec = 16;
			files = (
				762A2F1118772302001BE6FE /* MDWamp.h in CopyFiles */,
				762A2F1318772302001BE6FE /* MDWampClientDelegate.h in CopyFiles */,
			);
			runOnlyForDeploymentPostprocessing = 0;
		};
		7646E534185BCEAB004990DD /* CopyFiles */ = {
			isa = PBXCopyFilesBuildPhase;
			buildActionMask = 2147483647;
			dstPath = "";
			dstSubfolderSpec = 7;
			files = (
				7646E535185BCEBC004990DD /* SocketRocket.framework in CopyFiles */,
			);
			runOnlyForDeploymentPostprocessing = 0;
		};
		7646E536185BCF08004990DD /* CopyFiles */ = {
			isa = PBXCopyFilesBuildPhase;
			buildActionMask = 2147483647;
			dstPath = "";
			dstSubfolderSpec = 7;
			files = (
			);
			runOnlyForDeploymentPostprocessing = 0;
		};
/* End PBXCopyFilesBuildPhase section */

/* Begin PBXFileReference section */
		7604D707185B499D0087773E /* MDWamp.framework */ = {isa = PBXFileReference; explicitFileType = wrapper.framework; includeInIndex = 0; path = MDWamp.framework; sourceTree = BUILT_PRODUCTS_DIR; };
		7604D70A185B499D0087773E /* Cocoa.framework */ = {isa = PBXFileReference; lastKnownFileType = wrapper.framework; name = Cocoa.framework; path = System/Library/Frameworks/Cocoa.framework; sourceTree = SDKROOT; };
		7604D712185B499D0087773E /* MDWamp-Info.plist */ = {isa = PBXFileReference; lastKnownFileType = text.plist.xml; name = "MDWamp-Info.plist"; path = "../MDWampFramework/MDWamp-Info.plist"; sourceTree = "<group>"; };
		7604D714185B499D0087773E /* en */ = {isa = PBXFileReference; lastKnownFileType = text.plist.strings; name = en; path = en.lproj/InfoPlist.strings; sourceTree = "<group>"; };
		7604D716185B499D0087773E /* MDWamp-Prefix.pch */ = {isa = PBXFileReference; lastKnownFileType = sourcecode.c.h; name = "MDWamp-Prefix.pch"; path = "../MDWampFramework/MDWamp-Prefix.pch"; sourceTree = "<group>"; };
		7604D71E185B499D0087773E /* MDWampTests.xctest */ = {isa = PBXFileReference; explicitFileType = wrapper.cfbundle; includeInIndex = 0; path = MDWampTests.xctest; sourceTree = BUILT_PRODUCTS_DIR; };
		7604D71F185B499D0087773E /* XCTest.framework */ = {isa = PBXFileReference; lastKnownFileType = wrapper.framework; name = XCTest.framework; path = Library/Frameworks/XCTest.framework; sourceTree = DEVELOPER_DIR; };
		7604D73A185B4A7B0087773E /* Foundation.framework */ = {isa = PBXFileReference; lastKnownFileType = wrapper.framework; name = Foundation.framework; path = System/Library/Frameworks/Foundation.framework; sourceTree = SDKROOT; };
		7604D74A185B4A7B0087773E /* UIKit.framework */ = {isa = PBXFileReference; lastKnownFileType = wrapper.framework; name = UIKit.framework; path = Library/Frameworks/UIKit.framework; sourceTree = DEVELOPER_DIR; };
		7604D766185B6B880087773E /* libMDWamp.a */ = {isa = PBXFileReference; explicitFileType = archive.ar; includeInIndex = 0; path = libMDWamp.a; sourceTree = BUILT_PRODUCTS_DIR; };
		7604D76A185B6B880087773E /* libMDWamp-Prefix.pch */ = {isa = PBXFileReference; lastKnownFileType = sourcecode.c.h; name = "libMDWamp-Prefix.pch"; path = "../libMDWamp/libMDWamp-Prefix.pch"; sourceTree = "<group>"; };
		7604D78A185B6E6E0087773E /* SocketRocket.xcodeproj */ = {isa = PBXFileReference; lastKnownFileType = "wrapper.pb-project"; name = SocketRocket.xcodeproj; path = lib/SocketRocket/SocketRocket.xcodeproj; sourceTree = "<group>"; };
		760DA6F118EAF930006EC89C /* MDWampConstants.h */ = {isa = PBXFileReference; fileEncoding = 4; lastKnownFileType = sourcecode.c.h; path = MDWampConstants.h; sourceTree = "<group>"; };
		760DA6F318EB0557006EC89C /* MDWampMessageFactory.h */ = {isa = PBXFileReference; fileEncoding = 4; lastKnownFileType = sourcecode.c.h; path = MDWampMessageFactory.h; sourceTree = "<group>"; };
		760DA6F418EB0557006EC89C /* MDWampMessageFactory.m */ = {isa = PBXFileReference; fileEncoding = 4; lastKnownFileType = sourcecode.c.objc; path = MDWampMessageFactory.m; sourceTree = "<group>"; };
		760DA6FA18EB0A9E006EC89C /* MDWampMessageFactoryTests.m */ = {isa = PBXFileReference; fileEncoding = 4; lastKnownFileType = sourcecode.c.objc; path = MDWampMessageFactoryTests.m; sourceTree = "<group>"; };
		760DA6FC18EB0E7D006EC89C /* MDWampMessagesTests.m */ = {isa = PBXFileReference; fileEncoding = 4; lastKnownFileType = sourcecode.c.objc; path = MDWampMessagesTests.m; sourceTree = "<group>"; };
		7619E68A18CF65B400B0209D /* MDWampTransport.h */ = {isa = PBXFileReference; fileEncoding = 4; lastKnownFileType = sourcecode.c.h; name = MDWampTransport.h; path = MDWampTransports/MDWampTransport.h; sourceTree = "<group>"; };
		7619E68C18CF65D100B0209D /* MDWampTransportDelegate.h */ = {isa = PBXFileReference; fileEncoding = 4; lastKnownFileType = sourcecode.c.h; name = MDWampTransportDelegate.h; path = MDWampTransports/MDWampTransportDelegate.h; sourceTree = "<group>"; };
		7619E68E18CF663200B0209D /* MDWampTransports.h */ = {isa = PBXFileReference; fileEncoding = 4; lastKnownFileType = sourcecode.c.h; name = MDWampTransports.h; path = MDWampTransports/MDWampTransports.h; sourceTree = "<group>"; };
		7619E69218CF6FF900B0209D /* MDWampTransportWebSocket.h */ = {isa = PBXFileReference; fileEncoding = 4; lastKnownFileType = sourcecode.c.h; name = MDWampTransportWebSocket.h; path = MDWampTransports/MDWampTransportWebSocket.h; sourceTree = "<group>"; };
		7619E69318CF6FF900B0209D /* MDWampTransportWebSocket.m */ = {isa = PBXFileReference; fileEncoding = 4; lastKnownFileType = sourcecode.c.objc; name = MDWampTransportWebSocket.m; path = MDWampTransports/MDWampTransportWebSocket.m; sourceTree = "<group>"; };
		7619E69918CF8E9F00B0209D /* MDWampTests.m */ = {isa = PBXFileReference; fileEncoding = 4; lastKnownFileType = sourcecode.c.objc; path = MDWampTests.m; sourceTree = "<group>"; };
		7646E523185BBAEF004990DD /* MDWampClientDelegate.h */ = {isa = PBXFileReference; fileEncoding = 4; lastKnownFileType = sourcecode.c.h; path = MDWampClientDelegate.h; sourceTree = "<group>"; };
		76491D8A1863696000B435E2 /* CFNetwork.framework */ = {isa = PBXFileReference; lastKnownFileType = wrapper.framework; name = CFNetwork.framework; path = Platforms/iPhoneOS.platform/Developer/SDKs/iPhoneOS7.0.sdk/System/Library/Frameworks/CFNetwork.framework; sourceTree = DEVELOPER_DIR; };
		76491D8C1863696700B435E2 /* Security.framework */ = {isa = PBXFileReference; lastKnownFileType = wrapper.framework; name = Security.framework; path = Platforms/iPhoneOS.platform/Developer/SDKs/iPhoneOS7.0.sdk/System/Library/Frameworks/Security.framework; sourceTree = DEVELOPER_DIR; };
		76491D8E1863697800B435E2 /* libicucore.dylib */ = {isa = PBXFileReference; lastKnownFileType = "compiled.mach-o.dylib"; name = libicucore.dylib; path = Platforms/iPhoneOS.platform/Developer/SDKs/iPhoneOS7.0.sdk/usr/lib/libicucore.dylib; sourceTree = DEVELOPER_DIR; };
		7659705718620990008B7709 /* XCTAsyncTestCase.h */ = {isa = PBXFileReference; fileEncoding = 4; lastKnownFileType = sourcecode.c.h; path = XCTAsyncTestCase.h; sourceTree = "<group>"; };
		7659705818620990008B7709 /* XCTAsyncTestCase.m */ = {isa = PBXFileReference; fileEncoding = 4; lastKnownFileType = sourcecode.c.objc; path = XCTAsyncTestCase.m; sourceTree = "<group>"; };
		76BFC09A18CCF142007B518F /* MDWampSerialization.h */ = {isa = PBXFileReference; fileEncoding = 4; lastKnownFileType = sourcecode.c.h; name = MDWampSerialization.h; path = MDWampSerializations/MDWampSerialization.h; sourceTree = "<group>"; };
		76BFC09C18CCF1CB007B518F /* MDWampSerializationJSON.h */ = {isa = PBXFileReference; fileEncoding = 4; lastKnownFileType = sourcecode.c.h; name = MDWampSerializationJSON.h; path = MDWampSerializations/MDWampSerializationJSON.h; sourceTree = "<group>"; };
		76BFC09D18CCF1CB007B518F /* MDWampSerializationJSON.m */ = {isa = PBXFileReference; fileEncoding = 4; lastKnownFileType = sourcecode.c.objc; name = MDWampSerializationJSON.m; path = MDWampSerializations/MDWampSerializationJSON.m; sourceTree = "<group>"; };
		76BFC0A318CCF23A007B518F /* NSString+MDString.h */ = {isa = PBXFileReference; fileEncoding = 4; lastKnownFileType = sourcecode.c.h; path = "NSString+MDString.h"; sourceTree = "<group>"; };
		76BFC0A418CCF23A007B518F /* NSString+MDString.m */ = {isa = PBXFileReference; fileEncoding = 4; lastKnownFileType = sourcecode.c.objc; path = "NSString+MDString.m"; sourceTree = "<group>"; };
		76BFC0A918CCF3BF007B518F /* MDWampSerializations.h */ = {isa = PBXFileReference; fileEncoding = 4; lastKnownFileType = sourcecode.c.h; path = MDWampSerializations.h; sourceTree = "<group>"; };
		76BFC0AB18CCF4B5007B518F /* MDWampMessages.h */ = {isa = PBXFileReference; fileEncoding = 4; lastKnownFileType = sourcecode.c.h; name = MDWampMessages.h; path = MDWampMessages/MDWampMessages.h; sourceTree = "<group>"; };
		76CCC6EF185BD1F10056AB98 /* en */ = {isa = PBXFileReference; lastKnownFileType = text.plist.strings; name = en; path = en.lproj/InfoPlist.strings; sourceTree = "<group>"; };
		76CCC6F0185BD1F10056AB98 /* MDWampClientDelegateMock.h */ = {isa = PBXFileReference; fileEncoding = 4; lastKnownFileType = sourcecode.c.h; path = MDWampClientDelegateMock.h; sourceTree = "<group>"; };
		76CCC6F1185BD1F10056AB98 /* MDWampClientDelegateMock.m */ = {isa = PBXFileReference; fileEncoding = 4; lastKnownFileType = sourcecode.c.objc; path = MDWampClientDelegateMock.m; sourceTree = "<group>"; };
		76CCC6F3185BD1F10056AB98 /* MDWampTestIncludes.h */ = {isa = PBXFileReference; fileEncoding = 4; lastKnownFileType = sourcecode.c.h; path = MDWampTestIncludes.h; sourceTree = "<group>"; };
		76CCC6F4185BD1F10056AB98 /* MDWampTests-Info.plist */ = {isa = PBXFileReference; fileEncoding = 4; lastKnownFileType = text.plist.xml; path = "MDWampTests-Info.plist"; sourceTree = "<group>"; };
		76EF81D218D1043700DFB13B /* MDWampTransportMock.h */ = {isa = PBXFileReference; fileEncoding = 4; lastKnownFileType = sourcecode.c.h; path = MDWampTransportMock.h; sourceTree = "<group>"; };
		76EF81D318D1043700DFB13B /* MDWampTransportMock.m */ = {isa = PBXFileReference; fileEncoding = 4; lastKnownFileType = sourcecode.c.objc; path = MDWampTransportMock.m; sourceTree = "<group>"; };
		76EF81D918D1087000DFB13B /* MDWampSerializationMock.h */ = {isa = PBXFileReference; fileEncoding = 4; lastKnownFileType = sourcecode.c.h; path = MDWampSerializationMock.h; sourceTree = "<group>"; };
		76EF81DA18D1087000DFB13B /* MDWampSerializationMock.m */ = {isa = PBXFileReference; fileEncoding = 4; lastKnownFileType = sourcecode.c.objc; path = MDWampSerializationMock.m; sourceTree = "<group>"; };
		76FC3EDF18CBB404008BAD08 /* MDWampHello.h */ = {isa = PBXFileReference; fileEncoding = 4; lastKnownFileType = sourcecode.c.h; name = MDWampHello.h; path = MDWampMessages/MDWampHello.h; sourceTree = "<group>"; };
		76FC3EE018CBB404008BAD08 /* MDWampHello.m */ = {isa = PBXFileReference; fileEncoding = 4; lastKnownFileType = sourcecode.c.objc; name = MDWampHello.m; path = MDWampMessages/MDWampHello.m; sourceTree = "<group>"; };
		76FC3EEF18CBB4CC008BAD08 /* MDWampWelcome.h */ = {isa = PBXFileReference; fileEncoding = 4; lastKnownFileType = sourcecode.c.h; name = MDWampWelcome.h; path = MDWampMessages/MDWampWelcome.h; sourceTree = "<group>"; };
		76FC3EF018CBB4CC008BAD08 /* MDWampWelcome.m */ = {isa = PBXFileReference; fileEncoding = 4; lastKnownFileType = sourcecode.c.objc; name = MDWampWelcome.m; path = MDWampMessages/MDWampWelcome.m; sourceTree = "<group>"; };
		76FC3EF118CBB4CC008BAD08 /* MDWampMessage__.m */ = {isa = PBXFileReference; fileEncoding = 4; lastKnownFileType = sourcecode.c.objc; name = MDWampMessage__.m; path = MDWampMessages/MDWampMessage__.m; sourceTree = "<group>"; };
		76FC3EF218CBB4CC008BAD08 /* MDWampMessage__.h */ = {isa = PBXFileReference; fileEncoding = 4; lastKnownFileType = sourcecode.c.h; name = MDWampMessage__.h; path = MDWampMessages/MDWampMessage__.h; sourceTree = "<group>"; };
		76FC3F0718CBB5A4008BAD08 /* MDWampGoodbye.h */ = {isa = PBXFileReference; fileEncoding = 4; lastKnownFileType = sourcecode.c.h; name = MDWampGoodbye.h; path = MDWampMessages/MDWampGoodbye.h; sourceTree = "<group>"; };
		76FC3F0818CBB5A4008BAD08 /* MDWampGoodbye.m */ = {isa = PBXFileReference; fileEncoding = 4; lastKnownFileType = sourcecode.c.objc; name = MDWampGoodbye.m; path = MDWampMessages/MDWampGoodbye.m; sourceTree = "<group>"; };
		76FC3F0918CBB5A4008BAD08 /* MDWampAbort.h */ = {isa = PBXFileReference; fileEncoding = 4; lastKnownFileType = sourcecode.c.h; name = MDWampAbort.h; path = MDWampMessages/MDWampAbort.h; sourceTree = "<group>"; };
		76FC3F0A18CBB5A4008BAD08 /* MDWampAbort.m */ = {isa = PBXFileReference; fileEncoding = 4; lastKnownFileType = sourcecode.c.objc; name = MDWampAbort.m; path = MDWampMessages/MDWampAbort.m; sourceTree = "<group>"; };
		76FC3F1318CBB5E9008BAD08 /* MDWampError.h */ = {isa = PBXFileReference; fileEncoding = 4; lastKnownFileType = sourcecode.c.h; name = MDWampError.h; path = MDWampMessages/MDWampError.h; sourceTree = "<group>"; };
		76FC3F1418CBB5E9008BAD08 /* MDWampError.m */ = {isa = PBXFileReference; fileEncoding = 4; lastKnownFileType = sourcecode.c.objc; name = MDWampError.m; path = MDWampMessages/MDWampError.m; sourceTree = "<group>"; };
		76FC3F1F18CBB9DD008BAD08 /* MDWampMessage.h */ = {isa = PBXFileReference; fileEncoding = 4; lastKnownFileType = sourcecode.c.h; name = MDWampMessage.h; path = MDWampMessages/MDWampMessage.h; sourceTree = "<group>"; };
		76FC3F2518CBD214008BAD08 /* NSMutableArray+MDStack.h */ = {isa = PBXFileReference; fileEncoding = 4; lastKnownFileType = sourcecode.c.h; path = "NSMutableArray+MDStack.h"; sourceTree = "<group>"; };
		76FC3F2618CBD214008BAD08 /* NSMutableArray+MDStack.m */ = {isa = PBXFileReference; fileEncoding = 4; lastKnownFileType = sourcecode.c.objc; path = "NSMutableArray+MDStack.m"; sourceTree = "<group>"; };
		76FD8049185BB3F000D1B5C0 /* MDWamp.h */ = {isa = PBXFileReference; fileEncoding = 4; lastKnownFileType = sourcecode.c.h; path = MDWamp.h; sourceTree = "<group>"; };
		76FD804A185BB3F000D1B5C0 /* MDWamp.m */ = {isa = PBXFileReference; fileEncoding = 4; lastKnownFileType = sourcecode.c.objc; path = MDWamp.m; sourceTree = "<group>"; };
/* End PBXFileReference section */

/* Begin PBXFrameworksBuildPhase section */
		7604D703185B499D0087773E /* Frameworks */ = {
			isa = PBXFrameworksBuildPhase;
			buildActionMask = 2147483647;
			files = (
				7604D79A185B6E910087773E /* SocketRocket.framework in Frameworks */,
				7604D70B185B499D0087773E /* Cocoa.framework in Frameworks */,
			);
			runOnlyForDeploymentPostprocessing = 0;
		};
		7604D71B185B499D0087773E /* Frameworks */ = {
			isa = PBXFrameworksBuildPhase;
			buildActionMask = 2147483647;
			files = (
				7604D721185B499E0087773E /* Cocoa.framework in Frameworks */,
				7604D724185B499E0087773E /* MDWamp.framework in Frameworks */,
				7604D720185B499D0087773E /* XCTest.framework in Frameworks */,
				7646E53B185BCF92004990DD /* SocketRocket.framework in Frameworks */,
			);
			runOnlyForDeploymentPostprocessing = 0;
		};
		7604D763185B6B880087773E /* Frameworks */ = {
			isa = PBXFrameworksBuildPhase;
			buildActionMask = 2147483647;
			files = (
				7604D799185B6E8A0087773E /* libSocketRocket.a in Frameworks */,
				7604D767185B6B880087773E /* Foundation.framework in Frameworks */,
			);
			runOnlyForDeploymentPostprocessing = 0;
		};
/* End PBXFrameworksBuildPhase section */

/* Begin PBXGroup section */
		7604D6FD185B499D0087773E = {
			isa = PBXGroup;
			children = (
				76FD803B185BB3C800D1B5C0 /* MDWamp */,
				76CCC6ED185BD1F10056AB98 /* MDWampTests */,
				7604D711185B499D0087773E /* Supporting Files */,
				7604D78A185B6E6E0087773E /* SocketRocket.xcodeproj */,
				7604D709185B499D0087773E /* Frameworks */,
				7604D708185B499D0087773E /* Products */,
			);
			sourceTree = "<group>";
		};
		7604D708185B499D0087773E /* Products */ = {
			isa = PBXGroup;
			children = (
				7604D707185B499D0087773E /* MDWamp.framework */,
				7604D71E185B499D0087773E /* MDWampTests.xctest */,
				7604D766185B6B880087773E /* libMDWamp.a */,
			);
			name = Products;
			sourceTree = "<group>";
		};
		7604D709185B499D0087773E /* Frameworks */ = {
			isa = PBXGroup;
			children = (
				76491D8E1863697800B435E2 /* libicucore.dylib */,
				76491D8C1863696700B435E2 /* Security.framework */,
				76491D8A1863696000B435E2 /* CFNetwork.framework */,
				7604D70A185B499D0087773E /* Cocoa.framework */,
				7604D71F185B499D0087773E /* XCTest.framework */,
				7604D73A185B4A7B0087773E /* Foundation.framework */,
				7604D74A185B4A7B0087773E /* UIKit.framework */,
			);
			name = Frameworks;
			sourceTree = "<group>";
		};
		7604D711185B499D0087773E /* Supporting Files */ = {
			isa = PBXGroup;
			children = (
				7604D76A185B6B880087773E /* libMDWamp-Prefix.pch */,
				7604D712185B499D0087773E /* MDWamp-Info.plist */,
				7604D713185B499D0087773E /* InfoPlist.strings */,
				7604D716185B499D0087773E /* MDWamp-Prefix.pch */,
			);
			name = "Supporting Files";
			path = MDWamp;
			sourceTree = "<group>";
		};
		7604D78B185B6E6E0087773E /* Products */ = {
			isa = PBXGroup;
			children = (
				7604D792185B6E6E0087773E /* libSocketRocket.a */,
				7604D794185B6E6E0087773E /* SocketRocket.framework */,
				7604D796185B6E6E0087773E /* SRWebSocketTests.octest */,
				7604D798185B6E6E0087773E /* TestChat.app */,
			);
			name = Products;
			sourceTree = "<group>";
		};
		760DA6F918EB0A0D006EC89C /* lib */ = {
			isa = PBXGroup;
			children = (
				7659705718620990008B7709 /* XCTAsyncTestCase.h */,
				7659705818620990008B7709 /* XCTAsyncTestCase.m */,
			);
			name = lib;
			sourceTree = "<group>";
		};
		7619E68518CF658100B0209D /* MDWampTransports */ = {
			isa = PBXGroup;
			children = (
				7619E68A18CF65B400B0209D /* MDWampTransport.h */,
				7619E68E18CF663200B0209D /* MDWampTransports.h */,
				7619E68C18CF65D100B0209D /* MDWampTransportDelegate.h */,
				7619E69218CF6FF900B0209D /* MDWampTransportWebSocket.h */,
				7619E69318CF6FF900B0209D /* MDWampTransportWebSocket.m */,
			);
			name = MDWampTransports;
			sourceTree = "<group>";
		};
		76BFC09918CCF11A007B518F /* MDWampSerializations */ = {
			isa = PBXGroup;
			children = (
				76BFC09A18CCF142007B518F /* MDWampSerialization.h */,
				76BFC0A918CCF3BF007B518F /* MDWampSerializations.h */,
				76BFC09C18CCF1CB007B518F /* MDWampSerializationJSON.h */,
				76BFC09D18CCF1CB007B518F /* MDWampSerializationJSON.m */,
			);
			name = MDWampSerializations;
			sourceTree = "<group>";
		};
		76BFC0A218CCF21D007B518F /* Categories */ = {
			isa = PBXGroup;
			children = (
				76FC3F2518CBD214008BAD08 /* NSMutableArray+MDStack.h */,
				76FC3F2618CBD214008BAD08 /* NSMutableArray+MDStack.m */,
				76BFC0A318CCF23A007B518F /* NSString+MDString.h */,
				76BFC0A418CCF23A007B518F /* NSString+MDString.m */,
			);
			name = Categories;
			sourceTree = "<group>";
		};
		76CCC6ED185BD1F10056AB98 /* MDWampTests */ = {
			isa = PBXGroup;
			children = (
				76CCC6EE185BD1F10056AB98 /* InfoPlist.strings */,
				76CCC6F4185BD1F10056AB98 /* MDWampTests-Info.plist */,
				760DA6F918EB0A0D006EC89C /* lib */,
				76CCC6FB185BD2210056AB98 /* Mock */,
				76CCC6F3185BD1F10056AB98 /* MDWampTestIncludes.h */,
				760DA6FA18EB0A9E006EC89C /* MDWampMessageFactoryTests.m */,
				760DA6FC18EB0E7D006EC89C /* MDWampMessagesTests.m */,
				7619E69918CF8E9F00B0209D /* MDWampTests.m */,
			);
			path = MDWampTests;
			sourceTree = "<group>";
		};
		76CCC6FB185BD2210056AB98 /* Mock */ = {
			isa = PBXGroup;
			children = (
				76CCC6F0185BD1F10056AB98 /* MDWampClientDelegateMock.h */,
				76CCC6F1185BD1F10056AB98 /* MDWampClientDelegateMock.m */,
				76EF81D218D1043700DFB13B /* MDWampTransportMock.h */,
				76EF81D318D1043700DFB13B /* MDWampTransportMock.m */,
				76EF81D918D1087000DFB13B /* MDWampSerializationMock.h */,
				76EF81DA18D1087000DFB13B /* MDWampSerializationMock.m */,
			);
			name = Mock;
			sourceTree = "<group>";
		};
		76E6F10518C92E8700092F97 /* MDWampMessages */ = {
			isa = PBXGroup;
			children = (
				76BFC0AB18CCF4B5007B518F /* MDWampMessages.h */,
				76FC3F1F18CBB9DD008BAD08 /* MDWampMessage.h */,
				760DA6F318EB0557006EC89C /* MDWampMessageFactory.h */,
				760DA6F418EB0557006EC89C /* MDWampMessageFactory.m */,
				76FC3EDF18CBB404008BAD08 /* MDWampHello.h */,
				76FC3EE018CBB404008BAD08 /* MDWampHello.m */,
				76FC3EEF18CBB4CC008BAD08 /* MDWampWelcome.h */,
				76FC3EF018CBB4CC008BAD08 /* MDWampWelcome.m */,
				76FC3F0918CBB5A4008BAD08 /* MDWampAbort.h */,
				76FC3F0A18CBB5A4008BAD08 /* MDWampAbort.m */,
				76FC3F0718CBB5A4008BAD08 /* MDWampGoodbye.h */,
				76FC3F0818CBB5A4008BAD08 /* MDWampGoodbye.m */,
				76FC3F1318CBB5E9008BAD08 /* MDWampError.h */,
				76FC3F1418CBB5E9008BAD08 /* MDWampError.m */,
				76FC3EF118CBB4CC008BAD08 /* MDWampMessage__.m */,
				76FC3EF218CBB4CC008BAD08 /* MDWampMessage__.h */,
			);
			name = MDWampMessages;
			sourceTree = "<group>";
		};
		76FD803B185BB3C800D1B5C0 /* MDWamp */ = {
			isa = PBXGroup;
			children = (
				76BFC0A218CCF21D007B518F /* Categories */,
				7619E68518CF658100B0209D /* MDWampTransports */,
				76BFC09918CCF11A007B518F /* MDWampSerializations */,
				76E6F10518C92E8700092F97 /* MDWampMessages */,
				760DA6F118EAF930006EC89C /* MDWampConstants.h */,
				76FD8049185BB3F000D1B5C0 /* MDWamp.h */,
				76FD804A185BB3F000D1B5C0 /* MDWamp.m */,
				7646E523185BBAEF004990DD /* MDWampClientDelegate.h */,
			);
			path = MDWamp;
			sourceTree = "<group>";
		};
/* End PBXGroup section */

/* Begin PBXHeadersBuildPhase section */
		7604D704185B499D0087773E /* Headers */ = {
			isa = PBXHeadersBuildPhase;
			buildActionMask = 2147483647;
			files = (
				76FC3F2118CBB9DD008BAD08 /* MDWampMessage.h in Headers */,
				7619E68D18CF65D100B0209D /* MDWampTransportDelegate.h in Headers */,
				76BFC09B18CCF142007B518F /* MDWampSerialization.h in Headers */,
				7646E524185BBAEF004990DD /* MDWampClientDelegate.h in Headers */,
				76BFC0A518CCF23A007B518F /* NSString+MDString.h in Headers */,
				76BFC09E18CCF1CB007B518F /* MDWampSerializationJSON.h in Headers */,
				7619E68B18CF65B400B0209D /* MDWampTransport.h in Headers */,
				76BFC0AC18CCF4B5007B518F /* MDWampMessages.h in Headers */,
				76FD804B185BB3F000D1B5C0 /* MDWamp.h in Headers */,
				76FC3EFA18CBB4CC008BAD08 /* MDWampMessage__.h in Headers */,
				7619E68F18CF663200B0209D /* MDWampTransports.h in Headers */,
				76FC3F0B18CBB5A4008BAD08 /* MDWampGoodbye.h in Headers */,
				7619E69418CF6FF900B0209D /* MDWampTransportWebSocket.h in Headers */,
				76FC3F0F18CBB5A4008BAD08 /* MDWampAbort.h in Headers */,
				760DA6F218EAF930006EC89C /* MDWampConstants.h in Headers */,
				760DA6F518EB0557006EC89C /* MDWampMessageFactory.h in Headers */,
				76BFC0AA18CCF3BF007B518F /* MDWampSerializations.h in Headers */,
				76FC3F2718CBD214008BAD08 /* NSMutableArray+MDStack.h in Headers */,
				76FC3EE118CBB404008BAD08 /* MDWampHello.h in Headers */,
				76FC3EF318CBB4CC008BAD08 /* MDWampWelcome.h in Headers */,
				76FC3F1518CBB5E9008BAD08 /* MDWampError.h in Headers */,
			);
			runOnlyForDeploymentPostprocessing = 0;
		};
/* End PBXHeadersBuildPhase section */

/* Begin PBXNativeTarget section */
		7604D706185B499D0087773E /* MDWamp */ = {
			isa = PBXNativeTarget;
			buildConfigurationList = 7604D72F185B499E0087773E /* Build configuration list for PBXNativeTarget "MDWamp" */;
			buildPhases = (
				7604D702185B499D0087773E /* Sources */,
				7604D703185B499D0087773E /* Frameworks */,
				7604D704185B499D0087773E /* Headers */,
				7604D705185B499D0087773E /* Resources */,
				7646E534185BCEAB004990DD /* CopyFiles */,
			);
			buildRules = (
			);
			dependencies = (
			);
			name = MDWamp;
			productName = MDWamp;
			productReference = 7604D707185B499D0087773E /* MDWamp.framework */;
			productType = "com.apple.product-type.framework";
		};
		7604D71D185B499D0087773E /* MDWampTests */ = {
			isa = PBXNativeTarget;
			buildConfigurationList = 7604D732185B499E0087773E /* Build configuration list for PBXNativeTarget "MDWampTests" */;
			buildPhases = (
				7604D71A185B499D0087773E /* Sources */,
				7604D71B185B499D0087773E /* Frameworks */,
				7604D71C185B499D0087773E /* Resources */,
				7646E536185BCF08004990DD /* CopyFiles */,
			);
			buildRules = (
			);
			dependencies = (
				7604D723185B499E0087773E /* PBXTargetDependency */,
			);
			name = MDWampTests;
			productName = MDWampTests;
			productReference = 7604D71E185B499D0087773E /* MDWampTests.xctest */;
			productType = "com.apple.product-type.bundle.unit-test";
		};
		7604D765185B6B880087773E /* libMDWamp */ = {
			isa = PBXNativeTarget;
			buildConfigurationList = 7604D782185B6B880087773E /* Build configuration list for PBXNativeTarget "libMDWamp" */;
			buildPhases = (
				7604D762185B6B880087773E /* Sources */,
				7604D763185B6B880087773E /* Frameworks */,
				7604D764185B6B880087773E /* CopyFiles */,
			);
			buildRules = (
			);
			dependencies = (
			);
			name = libMDWamp;
			productName = libMDWamp;
			productReference = 7604D766185B6B880087773E /* libMDWamp.a */;
			productType = "com.apple.product-type.library.static";
		};
/* End PBXNativeTarget section */

/* Begin PBXProject section */
		7604D6FE185B499D0087773E /* Project object */ = {
			isa = PBXProject;
			attributes = {
				LastUpgradeCheck = 0500;
				ORGANIZATIONNAME = mogui.it;
				TargetAttributes = {
					7604D71D185B499D0087773E = {
						TestTargetID = 7604D706185B499D0087773E;
					};
				};
			};
			buildConfigurationList = 7604D701185B499D0087773E /* Build configuration list for PBXProject "MDWamp" */;
			compatibilityVersion = "Xcode 3.2";
			developmentRegion = English;
			hasScannedForEncodings = 0;
			knownRegions = (
				en,
				Base,
			);
			mainGroup = 7604D6FD185B499D0087773E;
			productRefGroup = 7604D708185B499D0087773E /* Products */;
			projectDirPath = "";
			projectReferences = (
				{
					ProductGroup = 7604D78B185B6E6E0087773E /* Products */;
					ProjectRef = 7604D78A185B6E6E0087773E /* SocketRocket.xcodeproj */;
				},
			);
			projectRoot = "";
			targets = (
				7604D706185B499D0087773E /* MDWamp */,
				7604D71D185B499D0087773E /* MDWampTests */,
				7604D765185B6B880087773E /* libMDWamp */,
			);
		};
/* End PBXProject section */

/* Begin PBXReferenceProxy section */
		7604D792185B6E6E0087773E /* libSocketRocket.a */ = {
			isa = PBXReferenceProxy;
			fileType = archive.ar;
			path = libSocketRocket.a;
			remoteRef = 7604D791185B6E6E0087773E /* PBXContainerItemProxy */;
			sourceTree = BUILT_PRODUCTS_DIR;
		};
		7604D794185B6E6E0087773E /* SocketRocket.framework */ = {
			isa = PBXReferenceProxy;
			fileType = wrapper.framework;
			path = SocketRocket.framework;
			remoteRef = 7604D793185B6E6E0087773E /* PBXContainerItemProxy */;
			sourceTree = BUILT_PRODUCTS_DIR;
		};
		7604D796185B6E6E0087773E /* SRWebSocketTests.octest */ = {
			isa = PBXReferenceProxy;
			fileType = wrapper.cfbundle;
			path = SRWebSocketTests.octest;
			remoteRef = 7604D795185B6E6E0087773E /* PBXContainerItemProxy */;
			sourceTree = BUILT_PRODUCTS_DIR;
		};
		7604D798185B6E6E0087773E /* TestChat.app */ = {
			isa = PBXReferenceProxy;
			fileType = wrapper.application;
			path = TestChat.app;
			remoteRef = 7604D797185B6E6E0087773E /* PBXContainerItemProxy */;
			sourceTree = BUILT_PRODUCTS_DIR;
		};
/* End PBXReferenceProxy section */

/* Begin PBXResourcesBuildPhase section */
		7604D705185B499D0087773E /* Resources */ = {
			isa = PBXResourcesBuildPhase;
			buildActionMask = 2147483647;
			files = (
				7604D715185B499D0087773E /* InfoPlist.strings in Resources */,
			);
			runOnlyForDeploymentPostprocessing = 0;
		};
		7604D71C185B499D0087773E /* Resources */ = {
			isa = PBXResourcesBuildPhase;
			buildActionMask = 2147483647;
			files = (
				76CCC6F6185BD1F10056AB98 /* InfoPlist.strings in Resources */,
			);
			runOnlyForDeploymentPostprocessing = 0;
		};
/* End PBXResourcesBuildPhase section */

/* Begin PBXSourcesBuildPhase section */
		7604D702185B499D0087773E /* Sources */ = {
			isa = PBXSourcesBuildPhase;
			buildActionMask = 2147483647;
			files = (
				76FC3F1618CBB5E9008BAD08 /* MDWampError.m in Sources */,
				7619E69518CF6FF900B0209D /* MDWampTransportWebSocket.m in Sources */,
				76FC3EF418CBB4CC008BAD08 /* MDWampWelcome.m in Sources */,
				76FC3F2818CBD214008BAD08 /* NSMutableArray+MDStack.m in Sources */,
				760DA6F618EB0557006EC89C /* MDWampMessageFactory.m in Sources */,
				76FC3F0C18CBB5A4008BAD08 /* MDWampGoodbye.m in Sources */,
				76FC3F1018CBB5A4008BAD08 /* MDWampAbort.m in Sources */,
				76FC3EE218CBB404008BAD08 /* MDWampHello.m in Sources */,
				76BFC0A618CCF23A007B518F /* NSString+MDString.m in Sources */,
				76FD804C185BB3F000D1B5C0 /* MDWamp.m in Sources */,
				76FC3EF718CBB4CC008BAD08 /* MDWampMessage__.m in Sources */,
				76BFC09F18CCF1CB007B518F /* MDWampSerializationJSON.m in Sources */,
			);
			runOnlyForDeploymentPostprocessing = 0;
		};
		7604D71A185B499D0087773E /* Sources */ = {
			isa = PBXSourcesBuildPhase;
			buildActionMask = 2147483647;
			files = (
				765DD2D118E484D000D4C19F /* MDWampTransportMock.m in Sources */,
				760DA6FD18EB0E7D006EC89C /* MDWampMessagesTests.m in Sources */,
				7619E69A18CF8E9F00B0209D /* MDWampTests.m in Sources */,
				76EF81DB18D1087000DFB13B /* MDWampSerializationMock.m in Sources */,
				7659705918620990008B7709 /* XCTAsyncTestCase.m in Sources */,
				760DA6FB18EB0A9E006EC89C /* MDWampMessageFactoryTests.m in Sources */,
				760DA6F718EB0557006EC89C /* MDWampMessageFactory.m in Sources */,
				76CCC6F7185BD1F10056AB98 /* MDWampClientDelegateMock.m in Sources */,
			);
			runOnlyForDeploymentPostprocessing = 0;
		};
		7604D762185B6B880087773E /* Sources */ = {
			isa = PBXSourcesBuildPhase;
			buildActionMask = 2147483647;
			files = (
				76FC3F1818CBB5E9008BAD08 /* MDWampError.m in Sources */,
				7619E69718CF6FF900B0209D /* MDWampTransportWebSocket.m in Sources */,
				76FC3EF618CBB4CC008BAD08 /* MDWampWelcome.m in Sources */,
				76FC3F2A18CBD214008BAD08 /* NSMutableArray+MDStack.m in Sources */,
				760DA6F818EB0557006EC89C /* MDWampMessageFactory.m in Sources */,
				76FC3F0E18CBB5A4008BAD08 /* MDWampGoodbye.m in Sources */,
				76FC3F1218CBB5A4008BAD08 /* MDWampAbort.m in Sources */,
				76FC3EE418CBB404008BAD08 /* MDWampHello.m in Sources */,
				76BFC0A818CCF23A007B518F /* NSString+MDString.m in Sources */,
				76FD804E185BB3F000D1B5C0 /* MDWamp.m in Sources */,
				76FC3EF918CBB4CC008BAD08 /* MDWampMessage__.m in Sources */,
				76BFC0A118CCF1CB007B518F /* MDWampSerializationJSON.m in Sources */,
			);
			runOnlyForDeploymentPostprocessing = 0;
		};
/* End PBXSourcesBuildPhase section */

/* Begin PBXTargetDependency section */
		7604D723185B499E0087773E /* PBXTargetDependency */ = {
			isa = PBXTargetDependency;
			target = 7604D706185B499D0087773E /* MDWamp */;
			targetProxy = 7604D722185B499E0087773E /* PBXContainerItemProxy */;
		};
/* End PBXTargetDependency section */

/* Begin PBXVariantGroup section */
		7604D713185B499D0087773E /* InfoPlist.strings */ = {
			isa = PBXVariantGroup;
			children = (
				7604D714185B499D0087773E /* en */,
			);
			name = InfoPlist.strings;
			path = ../MDWampFramework;
			sourceTree = "<group>";
		};
		76CCC6EE185BD1F10056AB98 /* InfoPlist.strings */ = {
			isa = PBXVariantGroup;
			children = (
				76CCC6EF185BD1F10056AB98 /* en */,
			);
			name = InfoPlist.strings;
			sourceTree = "<group>";
		};
/* End PBXVariantGroup section */

/* Begin XCBuildConfiguration section */
		7604D72D185B499E0087773E /* Debug */ = {
			isa = XCBuildConfiguration;
			buildSettings = {
				ALWAYS_SEARCH_USER_PATHS = NO;
				CLANG_CXX_LANGUAGE_STANDARD = "gnu++0x";
				CLANG_CXX_LIBRARY = "libc++";
				CLANG_ENABLE_OBJC_ARC = YES;
				CLANG_WARN_BOOL_CONVERSION = YES;
				CLANG_WARN_CONSTANT_CONVERSION = YES;
				CLANG_WARN_DIRECT_OBJC_ISA_USAGE = YES_ERROR;
				CLANG_WARN_EMPTY_BODY = YES;
				CLANG_WARN_ENUM_CONVERSION = YES;
				CLANG_WARN_INT_CONVERSION = YES;
				CLANG_WARN_OBJC_ROOT_CLASS = YES_ERROR;
				CLANG_WARN__DUPLICATE_METHOD_MATCH = YES;
				COPY_PHASE_STRIP = NO;
				GCC_C_LANGUAGE_STANDARD = gnu99;
				GCC_DYNAMIC_NO_PIC = NO;
				GCC_ENABLE_OBJC_EXCEPTIONS = YES;
				GCC_OPTIMIZATION_LEVEL = 0;
				GCC_PREPROCESSOR_DEFINITIONS = (
					"DEBUG=1",
					"$(inherited)",
				);
				GCC_SYMBOLS_PRIVATE_EXTERN = NO;
				GCC_WARN_64_TO_32_BIT_CONVERSION = YES;
				GCC_WARN_ABOUT_RETURN_TYPE = YES_ERROR;
				GCC_WARN_UNDECLARED_SELECTOR = YES;
				GCC_WARN_UNINITIALIZED_AUTOS = YES;
				GCC_WARN_UNUSED_FUNCTION = YES;
				GCC_WARN_UNUSED_VARIABLE = YES;
				IPHONEOS_DEPLOYMENT_TARGET = 5.1;
				MACOSX_DEPLOYMENT_TARGET = 10.6;
				ONLY_ACTIVE_ARCH = YES;
				SDKROOT = macosx;
			};
			name = Debug;
		};
		7604D72E185B499E0087773E /* Release */ = {
			isa = XCBuildConfiguration;
			buildSettings = {
				ALWAYS_SEARCH_USER_PATHS = NO;
				CLANG_CXX_LANGUAGE_STANDARD = "gnu++0x";
				CLANG_CXX_LIBRARY = "libc++";
				CLANG_ENABLE_OBJC_ARC = YES;
				CLANG_WARN_BOOL_CONVERSION = YES;
				CLANG_WARN_CONSTANT_CONVERSION = YES;
				CLANG_WARN_DIRECT_OBJC_ISA_USAGE = YES_ERROR;
				CLANG_WARN_EMPTY_BODY = YES;
				CLANG_WARN_ENUM_CONVERSION = YES;
				CLANG_WARN_INT_CONVERSION = YES;
				CLANG_WARN_OBJC_ROOT_CLASS = YES_ERROR;
				CLANG_WARN__DUPLICATE_METHOD_MATCH = YES;
				COPY_PHASE_STRIP = YES;
				DEBUG_INFORMATION_FORMAT = "dwarf-with-dsym";
				ENABLE_NS_ASSERTIONS = NO;
				GCC_C_LANGUAGE_STANDARD = gnu99;
				GCC_ENABLE_OBJC_EXCEPTIONS = YES;
				GCC_WARN_64_TO_32_BIT_CONVERSION = YES;
				GCC_WARN_ABOUT_RETURN_TYPE = YES_ERROR;
				GCC_WARN_UNDECLARED_SELECTOR = YES;
				GCC_WARN_UNINITIALIZED_AUTOS = YES;
				GCC_WARN_UNUSED_FUNCTION = YES;
				GCC_WARN_UNUSED_VARIABLE = YES;
				IPHONEOS_DEPLOYMENT_TARGET = 5.1;
				MACOSX_DEPLOYMENT_TARGET = 10.6;
				SDKROOT = macosx;
			};
			name = Release;
		};
		7604D730185B499E0087773E /* Debug */ = {
			isa = XCBuildConfiguration;
			buildSettings = {
				COMBINE_HIDPI_IMAGES = YES;
				DYLIB_COMPATIBILITY_VERSION = 1;
				DYLIB_CURRENT_VERSION = 1;
				FRAMEWORK_VERSION = A;
				GCC_PRECOMPILE_PREFIX_HEADER = YES;
				GCC_PREFIX_HEADER = "MDWampFramework/MDWamp-Prefix.pch";
				HEADER_SEARCH_PATHS = (
					"$(inherited)",
					/Applications/Xcode.app/Contents/Developer/Toolchains/XcodeDefault.xctoolchain/usr/include,
					"$(SRCROOT)/**",
				);
				INFOPLIST_FILE = "MDWampFramework/MDWamp-Info.plist";
				MACOSX_DEPLOYMENT_TARGET = 10.7;
				OTHER_LDFLAGS = "-ObjC";
				PRODUCT_NAME = MDWamp;
				WRAPPER_EXTENSION = framework;
			};
			name = Debug;
		};
		7604D731185B499E0087773E /* Release */ = {
			isa = XCBuildConfiguration;
			buildSettings = {
				COMBINE_HIDPI_IMAGES = YES;
				DYLIB_COMPATIBILITY_VERSION = 1;
				DYLIB_CURRENT_VERSION = 1;
				FRAMEWORK_VERSION = A;
				GCC_PRECOMPILE_PREFIX_HEADER = YES;
				GCC_PREFIX_HEADER = "MDWampFramework/MDWamp-Prefix.pch";
				HEADER_SEARCH_PATHS = (
					"$(inherited)",
					/Applications/Xcode.app/Contents/Developer/Toolchains/XcodeDefault.xctoolchain/usr/include,
					"$(SRCROOT)/**",
				);
				INFOPLIST_FILE = "MDWampFramework/MDWamp-Info.plist";
				MACOSX_DEPLOYMENT_TARGET = 10.7;
				OTHER_LDFLAGS = "-ObjC";
				PRODUCT_NAME = MDWamp;
				WRAPPER_EXTENSION = framework;
			};
			name = Release;
		};
		7604D733185B499E0087773E /* Debug */ = {
			isa = XCBuildConfiguration;
			buildSettings = {
				BUNDLE_LOADER = "$(BUILT_PRODUCTS_DIR)/MDWamp.framework/Versions/A/MDWamp";
				COMBINE_HIDPI_IMAGES = YES;
				FRAMEWORK_SEARCH_PATHS = (
					"$(DEVELOPER_FRAMEWORKS_DIR)",
					"$(inherited)",
				);
				GCC_PRECOMPILE_PREFIX_HEADER = YES;
				GCC_PREFIX_HEADER = "MDWampFramework/MDWamp-Prefix.pch";
				GCC_PREPROCESSOR_DEFINITIONS = (
					"DEBUG=1",
					"$(inherited)",
				);
				HEADER_SEARCH_PATHS = (
					"$(inherited)",
					/Applications/Xcode.app/Contents/Developer/Toolchains/XcodeDefault.xctoolchain/usr/include,
					"$(SRCROOT)/**",
				);
				INFOPLIST_FILE = "MDWampTests/MDWampTests-Info.plist";
				OTHER_LDFLAGS = (
					"$(inherited)",
					"-framework",
					XCTest,
				);
				PRODUCT_NAME = "$(TARGET_NAME)";
				TEST_HOST = "$(BUNDLE_LOADER)";
				WRAPPER_EXTENSION = xctest;
			};
			name = Debug;
		};
		7604D734185B499E0087773E /* Release */ = {
			isa = XCBuildConfiguration;
			buildSettings = {
				BUNDLE_LOADER = "$(BUILT_PRODUCTS_DIR)/MDWamp.framework/Versions/A/MDWamp";
				COMBINE_HIDPI_IMAGES = YES;
				FRAMEWORK_SEARCH_PATHS = (
					"$(DEVELOPER_FRAMEWORKS_DIR)",
					"$(inherited)",
				);
				GCC_PRECOMPILE_PREFIX_HEADER = YES;
				GCC_PREFIX_HEADER = "MDWampFramework/MDWamp-Prefix.pch";
				HEADER_SEARCH_PATHS = (
					"$(inherited)",
					/Applications/Xcode.app/Contents/Developer/Toolchains/XcodeDefault.xctoolchain/usr/include,
					"$(SRCROOT)/**",
				);
				INFOPLIST_FILE = "MDWampTests/MDWampTests-Info.plist";
				OTHER_LDFLAGS = (
					"$(inherited)",
					"-framework",
					XCTest,
				);
				PRODUCT_NAME = "$(TARGET_NAME)";
				TEST_HOST = "$(BUNDLE_LOADER)";
				WRAPPER_EXTENSION = xctest;
			};
			name = Release;
		};
		7604D783185B6B880087773E /* Debug */ = {
			isa = XCBuildConfiguration;
			buildSettings = {
				ARCHS = "$(ARCHS_STANDARD_INCLUDING_64_BIT)";
				CLANG_ENABLE_MODULES = YES;
				DSTROOT = /tmp/libMDWamp.dst;
				GCC_PRECOMPILE_PREFIX_HEADER = YES;
				GCC_PREFIX_HEADER = "libMDWamp/libMDWamp-Prefix.pch";
				GCC_PREPROCESSOR_DEFINITIONS = (
					"DEBUG=1",
					"$(inherited)",
				);
				HEADER_SEARCH_PATHS = (
					"$(inherited)",
					/Applications/Xcode.app/Contents/Developer/Toolchains/XcodeDefault.xctoolchain/usr/include,
					"$(SRCROOT)/**",
				);
				IPHONEOS_DEPLOYMENT_TARGET = 6.0;
				OTHER_LDFLAGS = "-ObjC";
				PRODUCT_NAME = MDWamp;
				SDKROOT = iphoneos;
				SKIP_INSTALL = YES;
			};
			name = Debug;
		};
		7604D784185B6B880087773E /* Release */ = {
			isa = XCBuildConfiguration;
			buildSettings = {
				ARCHS = "$(ARCHS_STANDARD_INCLUDING_64_BIT)";
				CLANG_ENABLE_MODULES = YES;
				DSTROOT = /tmp/libMDWamp.dst;
				GCC_PRECOMPILE_PREFIX_HEADER = YES;
				GCC_PREFIX_HEADER = "libMDWamp/libMDWamp-Prefix.pch";
				HEADER_SEARCH_PATHS = (
					"$(inherited)",
					/Applications/Xcode.app/Contents/Developer/Toolchains/XcodeDefault.xctoolchain/usr/include,
					"$(SRCROOT)/**",
				);
				IPHONEOS_DEPLOYMENT_TARGET = 6.0;
				OTHER_LDFLAGS = "-ObjC";
				PRODUCT_NAME = MDWamp;
				SDKROOT = iphoneos;
				SKIP_INSTALL = YES;
				VALIDATE_PRODUCT = YES;
			};
			name = Release;
		};
/* End XCBuildConfiguration section */

/* Begin XCConfigurationList section */
		7604D701185B499D0087773E /* Build configuration list for PBXProject "MDWamp" */ = {
			isa = XCConfigurationList;
			buildConfigurations = (
				7604D72D185B499E0087773E /* Debug */,
				7604D72E185B499E0087773E /* Release */,
			);
			defaultConfigurationIsVisible = 0;
			defaultConfigurationName = Release;
		};
		7604D72F185B499E0087773E /* Build configuration list for PBXNativeTarget "MDWamp" */ = {
			isa = XCConfigurationList;
			buildConfigurations = (
				7604D730185B499E0087773E /* Debug */,
				7604D731185B499E0087773E /* Release */,
			);
			defaultConfigurationIsVisible = 0;
			defaultConfigurationName = Release;
		};
		7604D732185B499E0087773E /* Build configuration list for PBXNativeTarget "MDWampTests" */ = {
			isa = XCConfigurationList;
			buildConfigurations = (
				7604D733185B499E0087773E /* Debug */,
				7604D734185B499E0087773E /* Release */,
			);
			defaultConfigurationIsVisible = 0;
			defaultConfigurationName = Release;
		};
		7604D782185B6B880087773E /* Build configuration list for PBXNativeTarget "libMDWamp" */ = {
			isa = XCConfigurationList;
			buildConfigurations = (
				7604D783185B6B880087773E /* Debug */,
				7604D784185B6B880087773E /* Release */,
			);
			defaultConfigurationIsVisible = 0;
			defaultConfigurationName = Release;
		};
/* End XCConfigurationList section */
	};
	rootObject = 7604D6FE185B499D0087773E /* Project object */;
}
