// !$*UTF8*$!
{
	archiveVersion = 1;
	classes = {
	};
	objectVersion = 46;
	objects = {

/* Begin PBXBuildFile section */
		7604D70B185B499D0087773E /* Cocoa.framework in Frameworks */ = {isa = PBXBuildFile; fileRef = 7604D70A185B499D0087773E /* Cocoa.framework */; };
		7604D720185B499D0087773E /* XCTest.framework in Frameworks */ = {isa = PBXBuildFile; fileRef = 7604D71F185B499D0087773E /* XCTest.framework */; };
		7604D721185B499E0087773E /* Cocoa.framework in Frameworks */ = {isa = PBXBuildFile; fileRef = 7604D70A185B499D0087773E /* Cocoa.framework */; };
		7604D724185B499E0087773E /* MDWamp.framework in Frameworks */ = {isa = PBXBuildFile; fileRef = 7604D707185B499D0087773E /* MDWamp.framework */; };
		7604D767185B6B880087773E /* Foundation.framework in Frameworks */ = {isa = PBXBuildFile; fileRef = 7604D73A185B4A7B0087773E /* Foundation.framework */; };
		7604D799185B6E8A0087773E /* libSocketRocket.a in Frameworks */ = {isa = PBXBuildFile; fileRef = 7604D792185B6E6E0087773E /* libSocketRocket.a */; };
		7604D79A185B6E910087773E /* SocketRocket.framework in Frameworks */ = {isa = PBXBuildFile; fileRef = 7604D794185B6E6E0087773E /* SocketRocket.framework */; };
		760DA6F218EAF930006EC89C /* MDWampConstants.h in Headers */ = {isa = PBXBuildFile; fileRef = 760DA6F118EAF930006EC89C /* MDWampConstants.h */; };
		760DA6FB18EB0A9E006EC89C /* MDWampMessageFactoryTests.m in Sources */ = {isa = PBXBuildFile; fileRef = 760DA6FA18EB0A9E006EC89C /* MDWampMessageFactoryTests.m */; };
		760DA6FD18EB0E7D006EC89C /* MDWampMessagesTests.m in Sources */ = {isa = PBXBuildFile; fileRef = 760DA6FC18EB0E7D006EC89C /* MDWampMessagesTests.m */; };
		7619E68B18CF65B400B0209D /* MDWampTransport.h in Headers */ = {isa = PBXBuildFile; fileRef = 7619E68A18CF65B400B0209D /* MDWampTransport.h */; };
		7619E68D18CF65D100B0209D /* MDWampTransportDelegate.h in Headers */ = {isa = PBXBuildFile; fileRef = 7619E68C18CF65D100B0209D /* MDWampTransportDelegate.h */; };
		7619E68F18CF663200B0209D /* MDWampTransports.h in Headers */ = {isa = PBXBuildFile; fileRef = 7619E68E18CF663200B0209D /* MDWampTransports.h */; };
		7619E69418CF6FF900B0209D /* MDWampTransportWebSocket.h in Headers */ = {isa = PBXBuildFile; fileRef = 7619E69218CF6FF900B0209D /* MDWampTransportWebSocket.h */; };
		7619E69518CF6FF900B0209D /* MDWampTransportWebSocket.m in Sources */ = {isa = PBXBuildFile; fileRef = 7619E69318CF6FF900B0209D /* MDWampTransportWebSocket.m */; };
		7619E69718CF6FF900B0209D /* MDWampTransportWebSocket.m in Sources */ = {isa = PBXBuildFile; fileRef = 7619E69318CF6FF900B0209D /* MDWampTransportWebSocket.m */; };
		7619E69A18CF8E9F00B0209D /* MDWampTests.m in Sources */ = {isa = PBXBuildFile; fileRef = 7619E69918CF8E9F00B0209D /* MDWampTests.m */; };
		762A2F1118772302001BE6FE /* MDWamp.h in CopyFiles */ = {isa = PBXBuildFile; fileRef = 76FD8049185BB3F000D1B5C0 /* MDWamp.h */; };
		762A2F1318772302001BE6FE /* MDWampClientDelegate.h in CopyFiles */ = {isa = PBXBuildFile; fileRef = 7646E523185BBAEF004990DD /* MDWampClientDelegate.h */; };
		762A51DC195CADCE00A3B344 /* MDWamp-Prefix.pch in Headers */ = {isa = PBXBuildFile; fileRef = 762A51DA195CADCE00A3B344 /* MDWamp-Prefix.pch */; };
		762A51DD195CADCE00A3B344 /* MDWamp-Info.plist in Resources */ = {isa = PBXBuildFile; fileRef = 762A51DB195CADCE00A3B344 /* MDWamp-Info.plist */; };
		763EEA6C18F8867F007329A6 /* MDWampUnsubscribed.h in Headers */ = {isa = PBXBuildFile; fileRef = 763EEA6A18F8867F007329A6 /* MDWampUnsubscribed.h */; };
		763EEA6D18F8867F007329A6 /* MDWampUnsubscribed.m in Sources */ = {isa = PBXBuildFile; fileRef = 763EEA6B18F8867F007329A6 /* MDWampUnsubscribed.m */; };
		763EEA6E18F8867F007329A6 /* MDWampUnsubscribed.m in Sources */ = {isa = PBXBuildFile; fileRef = 763EEA6B18F8867F007329A6 /* MDWampUnsubscribed.m */; };
		76414F501950C86400788300 /* MDWampTransportWebSocketTests.m in Sources */ = {isa = PBXBuildFile; fileRef = 76414F4F1950C86400788300 /* MDWampTransportWebSocketTests.m */; };
		76414F531950C8E900788300 /* MDWampTransportdelegateMock.m in Sources */ = {isa = PBXBuildFile; fileRef = 76414F521950C8E900788300 /* MDWampTransportdelegateMock.m */; };
		764374A2194E238D000F29A8 /* MDStackTest.m in Sources */ = {isa = PBXBuildFile; fileRef = 764374A1194E238D000F29A8 /* MDStackTest.m */; };
		7646E524185BBAEF004990DD /* MDWampClientDelegate.h in Headers */ = {isa = PBXBuildFile; fileRef = 7646E523185BBAEF004990DD /* MDWampClientDelegate.h */; };
		7646E535185BCEBC004990DD /* SocketRocket.framework in CopyFiles */ = {isa = PBXBuildFile; fileRef = 7604D794185B6E6E0087773E /* SocketRocket.framework */; };
		7646E53B185BCF92004990DD /* SocketRocket.framework in Frameworks */ = {isa = PBXBuildFile; fileRef = 7604D794185B6E6E0087773E /* SocketRocket.framework */; };
		7659705918620990008B7709 /* XCTAsyncTestCase.m in Sources */ = {isa = PBXBuildFile; fileRef = 7659705818620990008B7709 /* XCTAsyncTestCase.m */; };
		765DD2D118E484D000D4C19F /* MDWampTransportMock.m in Sources */ = {isa = PBXBuildFile; fileRef = 76EF81D318D1043700DFB13B /* MDWampTransportMock.m */; };
		7660CBDF1906DF7700FCCD7A /* MDWampPublished.h in Headers */ = {isa = PBXBuildFile; fileRef = 7660CBDD1906DF7700FCCD7A /* MDWampPublished.h */; };
		7660CBE01906DF7700FCCD7A /* MDWampPublished.m in Sources */ = {isa = PBXBuildFile; fileRef = 7660CBDE1906DF7700FCCD7A /* MDWampPublished.m */; };
		7660CBE11906DF7700FCCD7A /* MDWampPublished.m in Sources */ = {isa = PBXBuildFile; fileRef = 7660CBDE1906DF7700FCCD7A /* MDWampPublished.m */; };
		7660CBEA1906E03200FCCD7A /* MDWampRegister.h in Headers */ = {isa = PBXBuildFile; fileRef = 7660CBE81906E03200FCCD7A /* MDWampRegister.h */; };
		7660CBEB1906E03200FCCD7A /* MDWampRegister.m in Sources */ = {isa = PBXBuildFile; fileRef = 7660CBE91906E03200FCCD7A /* MDWampRegister.m */; };
		7660CBEC1906E03200FCCD7A /* MDWampRegister.m in Sources */ = {isa = PBXBuildFile; fileRef = 7660CBE91906E03200FCCD7A /* MDWampRegister.m */; };
		7660CBF41906E04C00FCCD7A /* MDWampUnregister.h in Headers */ = {isa = PBXBuildFile; fileRef = 7660CBF21906E04C00FCCD7A /* MDWampUnregister.h */; };
		7660CBF51906E04C00FCCD7A /* MDWampUnregister.m in Sources */ = {isa = PBXBuildFile; fileRef = 7660CBF31906E04C00FCCD7A /* MDWampUnregister.m */; };
		7660CBF61906E04C00FCCD7A /* MDWampUnregister.m in Sources */ = {isa = PBXBuildFile; fileRef = 7660CBF31906E04C00FCCD7A /* MDWampUnregister.m */; };
		7660CBF91906E05E00FCCD7A /* MDWampUnregistered.h in Headers */ = {isa = PBXBuildFile; fileRef = 7660CBF71906E05E00FCCD7A /* MDWampUnregistered.h */; };
		7660CBFA1906E05E00FCCD7A /* MDWampUnregistered.m in Sources */ = {isa = PBXBuildFile; fileRef = 7660CBF81906E05E00FCCD7A /* MDWampUnregistered.m */; };
		7660CBFB1906E05E00FCCD7A /* MDWampUnregistered.m in Sources */ = {isa = PBXBuildFile; fileRef = 7660CBF81906E05E00FCCD7A /* MDWampUnregistered.m */; };
		7660CC041906E0A000FCCD7A /* MDWampRegistered.h in Headers */ = {isa = PBXBuildFile; fileRef = 7660CBFC1906E0A000FCCD7A /* MDWampRegistered.h */; };
		7660CC051906E0A000FCCD7A /* MDWampRegistered.m in Sources */ = {isa = PBXBuildFile; fileRef = 7660CBFD1906E0A000FCCD7A /* MDWampRegistered.m */; };
		7660CC061906E0A000FCCD7A /* MDWampRegistered.m in Sources */ = {isa = PBXBuildFile; fileRef = 7660CBFD1906E0A000FCCD7A /* MDWampRegistered.m */; };
		7660CC071906E0A000FCCD7A /* MDWampEvent.h in Headers */ = {isa = PBXBuildFile; fileRef = 7660CBFE1906E0A000FCCD7A /* MDWampEvent.h */; };
		7660CC081906E0A000FCCD7A /* MDWampEvent.m in Sources */ = {isa = PBXBuildFile; fileRef = 7660CBFF1906E0A000FCCD7A /* MDWampEvent.m */; };
		7660CC091906E0A000FCCD7A /* MDWampEvent.m in Sources */ = {isa = PBXBuildFile; fileRef = 7660CBFF1906E0A000FCCD7A /* MDWampEvent.m */; };
		7660CC0A1906E0A000FCCD7A /* MDWampMessageFactory.m in Sources */ = {isa = PBXBuildFile; fileRef = 7660CC001906E0A000FCCD7A /* MDWampMessageFactory.m */; };
		7660CC0B1906E0A000FCCD7A /* MDWampMessageFactory.m in Sources */ = {isa = PBXBuildFile; fileRef = 7660CC001906E0A000FCCD7A /* MDWampMessageFactory.m */; };
		7660CC0C1906E0A000FCCD7A /* MDWampUnsubscribe.m in Sources */ = {isa = PBXBuildFile; fileRef = 7660CC011906E0A000FCCD7A /* MDWampUnsubscribe.m */; };
		7660CC0D1906E0A000FCCD7A /* MDWampUnsubscribe.m in Sources */ = {isa = PBXBuildFile; fileRef = 7660CC011906E0A000FCCD7A /* MDWampUnsubscribe.m */; };
		7660CC0E1906E0A000FCCD7A /* MDWampUnsubscribe.h in Headers */ = {isa = PBXBuildFile; fileRef = 7660CC021906E0A000FCCD7A /* MDWampUnsubscribe.h */; };
		7660CC0F1906E0A000FCCD7A /* MDWampMessageFactory.h in Headers */ = {isa = PBXBuildFile; fileRef = 7660CC031906E0A000FCCD7A /* MDWampMessageFactory.h */; };
		7660CC121906E13200FCCD7A /* MDWampCall.h in Headers */ = {isa = PBXBuildFile; fileRef = 7660CC101906E13200FCCD7A /* MDWampCall.h */; };
		7660CC131906E13200FCCD7A /* MDWampCall.m in Sources */ = {isa = PBXBuildFile; fileRef = 7660CC111906E13200FCCD7A /* MDWampCall.m */; };
		7660CC141906E13200FCCD7A /* MDWampCall.m in Sources */ = {isa = PBXBuildFile; fileRef = 7660CC111906E13200FCCD7A /* MDWampCall.m */; };
		7660CC171906E14000FCCD7A /* MDWampResult.h in Headers */ = {isa = PBXBuildFile; fileRef = 7660CC151906E14000FCCD7A /* MDWampResult.h */; };
		7660CC181906E14000FCCD7A /* MDWampResult.m in Sources */ = {isa = PBXBuildFile; fileRef = 7660CC161906E14000FCCD7A /* MDWampResult.m */; };
		7660CC191906E14000FCCD7A /* MDWampResult.m in Sources */ = {isa = PBXBuildFile; fileRef = 7660CC161906E14000FCCD7A /* MDWampResult.m */; };
		7660CC1C1906E15300FCCD7A /* MDWampInvocation.h in Headers */ = {isa = PBXBuildFile; fileRef = 7660CC1A1906E15300FCCD7A /* MDWampInvocation.h */; };
		7660CC1D1906E15300FCCD7A /* MDWampInvocation.m in Sources */ = {isa = PBXBuildFile; fileRef = 7660CC1B1906E15300FCCD7A /* MDWampInvocation.m */; };
		7660CC1E1906E15300FCCD7A /* MDWampInvocation.m in Sources */ = {isa = PBXBuildFile; fileRef = 7660CC1B1906E15300FCCD7A /* MDWampInvocation.m */; };
		7660CC211906E16800FCCD7A /* MDWampYield.h in Headers */ = {isa = PBXBuildFile; fileRef = 7660CC1F1906E16800FCCD7A /* MDWampYield.h */; };
		7660CC221906E16800FCCD7A /* MDWampYield.m in Sources */ = {isa = PBXBuildFile; fileRef = 7660CC201906E16800FCCD7A /* MDWampYield.m */; };
		7660CC231906E16800FCCD7A /* MDWampYield.m in Sources */ = {isa = PBXBuildFile; fileRef = 7660CC201906E16800FCCD7A /* MDWampYield.m */; };
		766CE93E18F73AA500CADAC9 /* MDWampPublish.h in Headers */ = {isa = PBXBuildFile; fileRef = 766CE93C18F73AA500CADAC9 /* MDWampPublish.h */; };
		766CE93F18F73AA500CADAC9 /* MDWampPublish.m in Sources */ = {isa = PBXBuildFile; fileRef = 766CE93D18F73AA500CADAC9 /* MDWampPublish.m */; };
		766CE94218F73B6A00CADAC9 /* MDWampSubscribe.h in Headers */ = {isa = PBXBuildFile; fileRef = 766CE94018F73B6A00CADAC9 /* MDWampSubscribe.h */; };
		766CE94318F73B6A00CADAC9 /* MDWampSubscribe.m in Sources */ = {isa = PBXBuildFile; fileRef = 766CE94118F73B6A00CADAC9 /* MDWampSubscribe.m */; };
		766CE94618F73F6F00CADAC9 /* MDWampSubscribed.h in Headers */ = {isa = PBXBuildFile; fileRef = 766CE94418F73F6F00CADAC9 /* MDWampSubscribed.h */; };
		766CE94718F73F6F00CADAC9 /* MDWampSubscribed.m in Sources */ = {isa = PBXBuildFile; fileRef = 766CE94518F73F6F00CADAC9 /* MDWampSubscribed.m */; };
		766CE94818F73F6F00CADAC9 /* MDWampSubscribed.m in Sources */ = {isa = PBXBuildFile; fileRef = 766CE94518F73F6F00CADAC9 /* MDWampSubscribed.m */; };
		7698B1B41952278E0045D400 /* MDWampSerializations.m in Sources */ = {isa = PBXBuildFile; fileRef = 7698B1B31952278E0045D400 /* MDWampSerializations.m */; };
		7698B1BE19522AF80045D400 /* Foundation.framework in Frameworks */ = {isa = PBXBuildFile; fileRef = 7604D73A185B4A7B0087773E /* Foundation.framework */; };
		7698B1C019522AF80045D400 /* CoreGraphics.framework in Frameworks */ = {isa = PBXBuildFile; fileRef = 7698B1BF19522AF80045D400 /* CoreGraphics.framework */; };
		7698B1C719522AF80045D400 /* InfoPlist.strings in Resources */ = {isa = PBXBuildFile; fileRef = 7698B1C519522AF80045D400 /* InfoPlist.strings */; };
		7698B1C919522AF80045D400 /* main.m in Sources */ = {isa = PBXBuildFile; fileRef = 7698B1C819522AF80045D400 /* main.m */; };
		7698B1CD19522AF90045D400 /* AppDelegate.m in Sources */ = {isa = PBXBuildFile; fileRef = 7698B1CC19522AF90045D400 /* AppDelegate.m */; };
		7698B1D019522AF90045D400 /* Main.storyboard in Resources */ = {isa = PBXBuildFile; fileRef = 7698B1CE19522AF90045D400 /* Main.storyboard */; };
		7698B1D319522AF90045D400 /* ViewController.m in Sources */ = {isa = PBXBuildFile; fileRef = 7698B1D219522AF90045D400 /* ViewController.m */; };
		7698B1D519522AF90045D400 /* Images.xcassets in Resources */ = {isa = PBXBuildFile; fileRef = 7698B1D419522AF90045D400 /* Images.xcassets */; };
		7698B1F019522C530045D400 /* MDWampSubscribe.m in Sources */ = {isa = PBXBuildFile; fileRef = 766CE94118F73B6A00CADAC9 /* MDWampSubscribe.m */; };
		7698B1F119522C530045D400 /* MDWampPublish.m in Sources */ = {isa = PBXBuildFile; fileRef = 766CE93D18F73AA500CADAC9 /* MDWampPublish.m */; };
		7698B1F219522C940045D400 /* libMDWamp.a in Frameworks */ = {isa = PBXBuildFile; fileRef = 7604D766185B6B880087773E /* libMDWamp.a */; };
		7698B1F719522D1C0045D400 /* libicucore.dylib in Frameworks */ = {isa = PBXBuildFile; fileRef = 7698B1F619522D1C0045D400 /* libicucore.dylib */; };
		7698B1F919522D2B0045D400 /* CFNetwork.framework in Frameworks */ = {isa = PBXBuildFile; fileRef = 7698B1F819522D2B0045D400 /* CFNetwork.framework */; };
		7698B1FB19522D310045D400 /* Security.framework in Frameworks */ = {isa = PBXBuildFile; fileRef = 7698B1FA19522D310045D400 /* Security.framework */; };
		76BFC09B18CCF142007B518F /* MDWampSerialization.h in Headers */ = {isa = PBXBuildFile; fileRef = 76BFC09A18CCF142007B518F /* MDWampSerialization.h */; };
		76BFC09E18CCF1CB007B518F /* MDWampSerializationJSON.h in Headers */ = {isa = PBXBuildFile; fileRef = 76BFC09C18CCF1CB007B518F /* MDWampSerializationJSON.h */; };
		76BFC09F18CCF1CB007B518F /* MDWampSerializationJSON.m in Sources */ = {isa = PBXBuildFile; fileRef = 76BFC09D18CCF1CB007B518F /* MDWampSerializationJSON.m */; };
		76BFC0A118CCF1CB007B518F /* MDWampSerializationJSON.m in Sources */ = {isa = PBXBuildFile; fileRef = 76BFC09D18CCF1CB007B518F /* MDWampSerializationJSON.m */; };
		76BFC0A518CCF23A007B518F /* NSString+MDString.h in Headers */ = {isa = PBXBuildFile; fileRef = 76BFC0A318CCF23A007B518F /* NSString+MDString.h */; };
		76BFC0A618CCF23A007B518F /* NSString+MDString.m in Sources */ = {isa = PBXBuildFile; fileRef = 76BFC0A418CCF23A007B518F /* NSString+MDString.m */; };
		76BFC0A818CCF23A007B518F /* NSString+MDString.m in Sources */ = {isa = PBXBuildFile; fileRef = 76BFC0A418CCF23A007B518F /* NSString+MDString.m */; };
		76BFC0AA18CCF3BF007B518F /* MDWampSerializations.h in Headers */ = {isa = PBXBuildFile; fileRef = 76BFC0A918CCF3BF007B518F /* MDWampSerializations.h */; };
		76BFC0AC18CCF4B5007B518F /* MDWampMessages.h in Headers */ = {isa = PBXBuildFile; fileRef = 76BFC0AB18CCF4B5007B518F /* MDWampMessages.h */; };
		76CCC6F6185BD1F10056AB98 /* InfoPlist.strings in Resources */ = {isa = PBXBuildFile; fileRef = 76CCC6EE185BD1F10056AB98 /* InfoPlist.strings */; };
		76CCC6F7185BD1F10056AB98 /* MDWampClientDelegateMock.m in Sources */ = {isa = PBXBuildFile; fileRef = 76CCC6F1185BD1F10056AB98 /* MDWampClientDelegateMock.m */; };
		76EF81DB18D1087000DFB13B /* MDWampSerializationMock.m in Sources */ = {isa = PBXBuildFile; fileRef = 76EF81DA18D1087000DFB13B /* MDWampSerializationMock.m */; };
		76F015601959F38F00F9991E /* MessagePack.h in Headers */ = {isa = PBXBuildFile; fileRef = 76F0153D1959F38F00F9991E /* MessagePack.h */; };
		76F015611959F38F00F9991E /* MessagePackPacker.h in Headers */ = {isa = PBXBuildFile; fileRef = 76F0153E1959F38F00F9991E /* MessagePackPacker.h */; };
		76F015621959F38F00F9991E /* MessagePackPacker.m in Sources */ = {isa = PBXBuildFile; fileRef = 76F0153F1959F38F00F9991E /* MessagePackPacker.m */; };
		76F015631959F38F00F9991E /* MessagePackPacker.m in Sources */ = {isa = PBXBuildFile; fileRef = 76F0153F1959F38F00F9991E /* MessagePackPacker.m */; };
		76F015641959F38F00F9991E /* MessagePackParser+Streaming.h in Headers */ = {isa = PBXBuildFile; fileRef = 76F015401959F38F00F9991E /* MessagePackParser+Streaming.h */; };
		76F015651959F38F00F9991E /* MessagePackParser+Streaming.m in Sources */ = {isa = PBXBuildFile; fileRef = 76F015411959F38F00F9991E /* MessagePackParser+Streaming.m */; };
		76F015661959F38F00F9991E /* MessagePackParser+Streaming.m in Sources */ = {isa = PBXBuildFile; fileRef = 76F015411959F38F00F9991E /* MessagePackParser+Streaming.m */; };
		76F015671959F38F00F9991E /* MessagePackParser.h in Headers */ = {isa = PBXBuildFile; fileRef = 76F015421959F38F00F9991E /* MessagePackParser.h */; };
		76F015681959F38F00F9991E /* MessagePackParser.m in Sources */ = {isa = PBXBuildFile; fileRef = 76F015431959F38F00F9991E /* MessagePackParser.m */; };
		76F015691959F38F00F9991E /* MessagePackParser.m in Sources */ = {isa = PBXBuildFile; fileRef = 76F015431959F38F00F9991E /* MessagePackParser.m */; };
		76F0156A1959F38F00F9991E /* object.h in Headers */ = {isa = PBXBuildFile; fileRef = 76F015461959F38F00F9991E /* object.h */; };
		76F0156B1959F38F00F9991E /* pack.h in Headers */ = {isa = PBXBuildFile; fileRef = 76F015471959F38F00F9991E /* pack.h */; };
		76F0156C1959F38F00F9991E /* pack_define.h in Headers */ = {isa = PBXBuildFile; fileRef = 76F015481959F38F00F9991E /* pack_define.h */; };
		76F0156D1959F38F00F9991E /* pack_template.h in Headers */ = {isa = PBXBuildFile; fileRef = 76F015491959F38F00F9991E /* pack_template.h */; };
		76F0156E1959F38F00F9991E /* sbuffer.h in Headers */ = {isa = PBXBuildFile; fileRef = 76F0154A1959F38F00F9991E /* sbuffer.h */; };
		76F0156F1959F38F00F9991E /* sysdep.h in Headers */ = {isa = PBXBuildFile; fileRef = 76F0154B1959F38F00F9991E /* sysdep.h */; };
		76F015701959F38F00F9991E /* unpack.h in Headers */ = {isa = PBXBuildFile; fileRef = 76F0154C1959F38F00F9991E /* unpack.h */; };
		76F015711959F38F00F9991E /* unpack_define.h in Headers */ = {isa = PBXBuildFile; fileRef = 76F0154D1959F38F00F9991E /* unpack_define.h */; };
		76F015721959F38F00F9991E /* unpack_template.h in Headers */ = {isa = PBXBuildFile; fileRef = 76F0154E1959F38F00F9991E /* unpack_template.h */; };
		76F015731959F38F00F9991E /* version.h in Headers */ = {isa = PBXBuildFile; fileRef = 76F0154F1959F38F00F9991E /* version.h */; };
		76F015741959F38F00F9991E /* vrefbuffer.h in Headers */ = {isa = PBXBuildFile; fileRef = 76F015501959F38F00F9991E /* vrefbuffer.h */; };
		76F015751959F38F00F9991E /* zbuffer.h in Headers */ = {isa = PBXBuildFile; fileRef = 76F015511959F38F00F9991E /* zbuffer.h */; };
		76F015761959F38F00F9991E /* zone.h in Headers */ = {isa = PBXBuildFile; fileRef = 76F015521959F38F00F9991E /* zone.h */; };
		76F015771959F38F00F9991E /* msgpack.h in Headers */ = {isa = PBXBuildFile; fileRef = 76F015531959F38F00F9991E /* msgpack.h */; };
		76F015781959F38F00F9991E /* objectc.c in Sources */ = {isa = PBXBuildFile; fileRef = 76F015541959F38F00F9991E /* objectc.c */; };
		76F015791959F38F00F9991E /* objectc.c in Sources */ = {isa = PBXBuildFile; fileRef = 76F015541959F38F00F9991E /* objectc.c */; };
		76F0157A1959F38F00F9991E /* unpack.c in Sources */ = {isa = PBXBuildFile; fileRef = 76F015551959F38F00F9991E /* unpack.c */; };
		76F0157B1959F38F00F9991E /* unpack.c in Sources */ = {isa = PBXBuildFile; fileRef = 76F015551959F38F00F9991E /* unpack.c */; };
		76F0157C1959F38F00F9991E /* version.c in Sources */ = {isa = PBXBuildFile; fileRef = 76F015561959F38F00F9991E /* version.c */; };
		76F0157D1959F38F00F9991E /* version.c in Sources */ = {isa = PBXBuildFile; fileRef = 76F015561959F38F00F9991E /* version.c */; };
		76F0157E1959F38F00F9991E /* vrefbuffer.c in Sources */ = {isa = PBXBuildFile; fileRef = 76F015571959F38F00F9991E /* vrefbuffer.c */; };
		76F0157F1959F38F00F9991E /* vrefbuffer.c in Sources */ = {isa = PBXBuildFile; fileRef = 76F015571959F38F00F9991E /* vrefbuffer.c */; };
		76F015801959F38F00F9991E /* zone.c in Sources */ = {isa = PBXBuildFile; fileRef = 76F015581959F38F00F9991E /* zone.c */; };
		76F015811959F38F00F9991E /* zone.c in Sources */ = {isa = PBXBuildFile; fileRef = 76F015581959F38F00F9991E /* zone.c */; };
		76F015821959F38F00F9991E /* NSArray+MessagePack.h in Headers */ = {isa = PBXBuildFile; fileRef = 76F015591959F38F00F9991E /* NSArray+MessagePack.h */; };
		76F015831959F38F00F9991E /* NSArray+MessagePack.m in Sources */ = {isa = PBXBuildFile; fileRef = 76F0155A1959F38F00F9991E /* NSArray+MessagePack.m */; };
		76F015841959F38F00F9991E /* NSArray+MessagePack.m in Sources */ = {isa = PBXBuildFile; fileRef = 76F0155A1959F38F00F9991E /* NSArray+MessagePack.m */; };
		76F015851959F38F00F9991E /* NSData+MessagePack.h in Headers */ = {isa = PBXBuildFile; fileRef = 76F0155B1959F38F00F9991E /* NSData+MessagePack.h */; };
		76F015861959F38F00F9991E /* NSData+MessagePack.m in Sources */ = {isa = PBXBuildFile; fileRef = 76F0155C1959F38F00F9991E /* NSData+MessagePack.m */; };
		76F015871959F38F00F9991E /* NSData+MessagePack.m in Sources */ = {isa = PBXBuildFile; fileRef = 76F0155C1959F38F00F9991E /* NSData+MessagePack.m */; };
		76F015881959F38F00F9991E /* NSDictionary+MessagePack.h in Headers */ = {isa = PBXBuildFile; fileRef = 76F0155D1959F38F00F9991E /* NSDictionary+MessagePack.h */; };
		76F015891959F38F00F9991E /* NSDictionary+MessagePack.m in Sources */ = {isa = PBXBuildFile; fileRef = 76F0155E1959F38F00F9991E /* NSDictionary+MessagePack.m */; };
		76F0158A1959F38F00F9991E /* NSDictionary+MessagePack.m in Sources */ = {isa = PBXBuildFile; fileRef = 76F0155E1959F38F00F9991E /* NSDictionary+MessagePack.m */; };
		76F0158B1959F38F00F9991E /* readme.md in Resources */ = {isa = PBXBuildFile; fileRef = 76F0155F1959F38F00F9991E /* readme.md */; };
		76F0158E1959F3DE00F9991E /* MDWampSerializationMsgpack.h in Headers */ = {isa = PBXBuildFile; fileRef = 76F0158C1959F3DE00F9991E /* MDWampSerializationMsgpack.h */; };
		76F0158F1959F3DE00F9991E /* MDWampSerializationMsgpack.m in Sources */ = {isa = PBXBuildFile; fileRef = 76F0158D1959F3DE00F9991E /* MDWampSerializationMsgpack.m */; };
		76F015901959F3DE00F9991E /* MDWampSerializationMsgpack.m in Sources */ = {isa = PBXBuildFile; fileRef = 76F0158D1959F3DE00F9991E /* MDWampSerializationMsgpack.m */; };
		76FC3EE118CBB404008BAD08 /* MDWampHello.h in Headers */ = {isa = PBXBuildFile; fileRef = 76FC3EDF18CBB404008BAD08 /* MDWampHello.h */; };
		76FC3EE218CBB404008BAD08 /* MDWampHello.m in Sources */ = {isa = PBXBuildFile; fileRef = 76FC3EE018CBB404008BAD08 /* MDWampHello.m */; };
		76FC3EE418CBB404008BAD08 /* MDWampHello.m in Sources */ = {isa = PBXBuildFile; fileRef = 76FC3EE018CBB404008BAD08 /* MDWampHello.m */; };
		76FC3EF318CBB4CC008BAD08 /* MDWampWelcome.h in Headers */ = {isa = PBXBuildFile; fileRef = 76FC3EEF18CBB4CC008BAD08 /* MDWampWelcome.h */; };
		76FC3EF418CBB4CC008BAD08 /* MDWampWelcome.m in Sources */ = {isa = PBXBuildFile; fileRef = 76FC3EF018CBB4CC008BAD08 /* MDWampWelcome.m */; };
		76FC3EF618CBB4CC008BAD08 /* MDWampWelcome.m in Sources */ = {isa = PBXBuildFile; fileRef = 76FC3EF018CBB4CC008BAD08 /* MDWampWelcome.m */; };
		76FC3F0B18CBB5A4008BAD08 /* MDWampGoodbye.h in Headers */ = {isa = PBXBuildFile; fileRef = 76FC3F0718CBB5A4008BAD08 /* MDWampGoodbye.h */; };
		76FC3F0C18CBB5A4008BAD08 /* MDWampGoodbye.m in Sources */ = {isa = PBXBuildFile; fileRef = 76FC3F0818CBB5A4008BAD08 /* MDWampGoodbye.m */; };
		76FC3F0E18CBB5A4008BAD08 /* MDWampGoodbye.m in Sources */ = {isa = PBXBuildFile; fileRef = 76FC3F0818CBB5A4008BAD08 /* MDWampGoodbye.m */; };
		76FC3F0F18CBB5A4008BAD08 /* MDWampAbort.h in Headers */ = {isa = PBXBuildFile; fileRef = 76FC3F0918CBB5A4008BAD08 /* MDWampAbort.h */; };
		76FC3F1018CBB5A4008BAD08 /* MDWampAbort.m in Sources */ = {isa = PBXBuildFile; fileRef = 76FC3F0A18CBB5A4008BAD08 /* MDWampAbort.m */; };
		76FC3F1218CBB5A4008BAD08 /* MDWampAbort.m in Sources */ = {isa = PBXBuildFile; fileRef = 76FC3F0A18CBB5A4008BAD08 /* MDWampAbort.m */; };
		76FC3F1518CBB5E9008BAD08 /* MDWampError.h in Headers */ = {isa = PBXBuildFile; fileRef = 76FC3F1318CBB5E9008BAD08 /* MDWampError.h */; };
		76FC3F1618CBB5E9008BAD08 /* MDWampError.m in Sources */ = {isa = PBXBuildFile; fileRef = 76FC3F1418CBB5E9008BAD08 /* MDWampError.m */; };
		76FC3F1818CBB5E9008BAD08 /* MDWampError.m in Sources */ = {isa = PBXBuildFile; fileRef = 76FC3F1418CBB5E9008BAD08 /* MDWampError.m */; };
		76FC3F2118CBB9DD008BAD08 /* MDWampMessage.h in Headers */ = {isa = PBXBuildFile; fileRef = 76FC3F1F18CBB9DD008BAD08 /* MDWampMessage.h */; };
		76FC3F2718CBD214008BAD08 /* NSMutableArray+MDStack.h in Headers */ = {isa = PBXBuildFile; fileRef = 76FC3F2518CBD214008BAD08 /* NSMutableArray+MDStack.h */; };
		76FC3F2818CBD214008BAD08 /* NSMutableArray+MDStack.m in Sources */ = {isa = PBXBuildFile; fileRef = 76FC3F2618CBD214008BAD08 /* NSMutableArray+MDStack.m */; };
		76FC3F2A18CBD214008BAD08 /* NSMutableArray+MDStack.m in Sources */ = {isa = PBXBuildFile; fileRef = 76FC3F2618CBD214008BAD08 /* NSMutableArray+MDStack.m */; };
		76FD804B185BB3F000D1B5C0 /* MDWamp.h in Headers */ = {isa = PBXBuildFile; fileRef = 76FD8049185BB3F000D1B5C0 /* MDWamp.h */; };
		76FD804C185BB3F000D1B5C0 /* MDWamp.m in Sources */ = {isa = PBXBuildFile; fileRef = 76FD804A185BB3F000D1B5C0 /* MDWamp.m */; };
		76FD804E185BB3F000D1B5C0 /* MDWamp.m in Sources */ = {isa = PBXBuildFile; fileRef = 76FD804A185BB3F000D1B5C0 /* MDWamp.m */; };
/* End PBXBuildFile section */

/* Begin PBXContainerItemProxy section */
		7604D722185B499E0087773E /* PBXContainerItemProxy */ = {
			isa = PBXContainerItemProxy;
			containerPortal = 7604D6FE185B499D0087773E /* Project object */;
			proxyType = 1;
			remoteGlobalIDString = 7604D706185B499D0087773E;
			remoteInfo = MDWamp;
		};
		7604D791185B6E6E0087773E /* PBXContainerItemProxy */ = {
			isa = PBXContainerItemProxy;
			containerPortal = 7604D78A185B6E6E0087773E /* SocketRocket.xcodeproj */;
			proxyType = 2;
			remoteGlobalIDString = F6B2082D1450F597009315AF;
			remoteInfo = SocketRocket;
		};
		7604D793185B6E6E0087773E /* PBXContainerItemProxy */ = {
			isa = PBXContainerItemProxy;
			containerPortal = 7604D78A185B6E6E0087773E /* SocketRocket.xcodeproj */;
			proxyType = 2;
			remoteGlobalIDString = F668C880153E91210044DBAC;
			remoteInfo = SocketRocketOSX;
		};
		7604D795185B6E6E0087773E /* PBXContainerItemProxy */ = {
			isa = PBXContainerItemProxy;
			containerPortal = 7604D78A185B6E6E0087773E /* SocketRocket.xcodeproj */;
			proxyType = 2;
			remoteGlobalIDString = F6BDA802145900D200FE3253;
			remoteInfo = SRWebSocketTests;
		};
		7604D797185B6E6E0087773E /* PBXContainerItemProxy */ = {
			isa = PBXContainerItemProxy;
			containerPortal = 7604D78A185B6E6E0087773E /* SocketRocket.xcodeproj */;
			proxyType = 2;
			remoteGlobalIDString = F62417E314D52F3C003CE997;
			remoteInfo = TestChat;
		};
		7698B1EE19522B1C0045D400 /* PBXContainerItemProxy */ = {
			isa = PBXContainerItemProxy;
			containerPortal = 7604D6FE185B499D0087773E /* Project object */;
			proxyType = 1;
			remoteGlobalIDString = 7604D765185B6B880087773E;
			remoteInfo = libMDWamp;
		};
/* End PBXContainerItemProxy section */

/* Begin PBXCopyFilesBuildPhase section */
		7604D764185B6B880087773E /* CopyFiles */ = {
			isa = PBXCopyFilesBuildPhase;
			buildActionMask = 2147483647;
			dstPath = "include/$(PRODUCT_NAME)";
			dstSubfolderSpec = 16;
			files = (
				762A2F1118772302001BE6FE /* MDWamp.h in CopyFiles */,
				762A2F1318772302001BE6FE /* MDWampClientDelegate.h in CopyFiles */,
			);
			runOnlyForDeploymentPostprocessing = 0;
		};
		7646E534185BCEAB004990DD /* CopyFiles */ = {
			isa = PBXCopyFilesBuildPhase;
			buildActionMask = 2147483647;
			dstPath = "";
			dstSubfolderSpec = 7;
			files = (
				7646E535185BCEBC004990DD /* SocketRocket.framework in CopyFiles */,
			);
			runOnlyForDeploymentPostprocessing = 0;
		};
		7646E536185BCF08004990DD /* CopyFiles */ = {
			isa = PBXCopyFilesBuildPhase;
			buildActionMask = 2147483647;
			dstPath = "";
			dstSubfolderSpec = 7;
			files = (
			);
			runOnlyForDeploymentPostprocessing = 0;
		};
/* End PBXCopyFilesBuildPhase section */

/* Begin PBXFileReference section */
		7604D707185B499D0087773E /* MDWamp.framework */ = {isa = PBXFileReference; explicitFileType = wrapper.framework; includeInIndex = 0; path = MDWamp.framework; sourceTree = BUILT_PRODUCTS_DIR; };
		7604D70A185B499D0087773E /* Cocoa.framework */ = {isa = PBXFileReference; lastKnownFileType = wrapper.framework; name = Cocoa.framework; path = System/Library/Frameworks/Cocoa.framework; sourceTree = SDKROOT; };
		7604D71E185B499D0087773E /* MDWampTests.xctest */ = {isa = PBXFileReference; explicitFileType = wrapper.cfbundle; includeInIndex = 0; path = MDWampTests.xctest; sourceTree = BUILT_PRODUCTS_DIR; };
		7604D71F185B499D0087773E /* XCTest.framework */ = {isa = PBXFileReference; lastKnownFileType = wrapper.framework; name = XCTest.framework; path = Library/Frameworks/XCTest.framework; sourceTree = DEVELOPER_DIR; };
		7604D73A185B4A7B0087773E /* Foundation.framework */ = {isa = PBXFileReference; lastKnownFileType = wrapper.framework; name = Foundation.framework; path = System/Library/Frameworks/Foundation.framework; sourceTree = SDKROOT; };
		7604D766185B6B880087773E /* libMDWamp.a */ = {isa = PBXFileReference; explicitFileType = archive.ar; includeInIndex = 0; path = libMDWamp.a; sourceTree = BUILT_PRODUCTS_DIR; };
		7604D78A185B6E6E0087773E /* SocketRocket.xcodeproj */ = {isa = PBXFileReference; lastKnownFileType = "wrapper.pb-project"; name = SocketRocket.xcodeproj; path = lib/SocketRocket/SocketRocket.xcodeproj; sourceTree = "<group>"; };
		760DA6F118EAF930006EC89C /* MDWampConstants.h */ = {isa = PBXFileReference; fileEncoding = 4; lastKnownFileType = sourcecode.c.h; path = MDWampConstants.h; sourceTree = "<group>"; };
		760DA6FA18EB0A9E006EC89C /* MDWampMessageFactoryTests.m */ = {isa = PBXFileReference; fileEncoding = 4; lastKnownFileType = sourcecode.c.objc; path = MDWampMessageFactoryTests.m; sourceTree = "<group>"; };
		760DA6FC18EB0E7D006EC89C /* MDWampMessagesTests.m */ = {isa = PBXFileReference; fileEncoding = 4; lastKnownFileType = sourcecode.c.objc; path = MDWampMessagesTests.m; sourceTree = "<group>"; };
		7619E68A18CF65B400B0209D /* MDWampTransport.h */ = {isa = PBXFileReference; fileEncoding = 4; lastKnownFileType = sourcecode.c.h; name = MDWampTransport.h; path = MDWampTransports/MDWampTransport.h; sourceTree = "<group>"; };
		7619E68C18CF65D100B0209D /* MDWampTransportDelegate.h */ = {isa = PBXFileReference; fileEncoding = 4; lastKnownFileType = sourcecode.c.h; name = MDWampTransportDelegate.h; path = MDWampTransports/MDWampTransportDelegate.h; sourceTree = "<group>"; };
		7619E68E18CF663200B0209D /* MDWampTransports.h */ = {isa = PBXFileReference; fileEncoding = 4; lastKnownFileType = sourcecode.c.h; name = MDWampTransports.h; path = MDWampTransports/MDWampTransports.h; sourceTree = "<group>"; };
		7619E69218CF6FF900B0209D /* MDWampTransportWebSocket.h */ = {isa = PBXFileReference; fileEncoding = 4; lastKnownFileType = sourcecode.c.h; name = MDWampTransportWebSocket.h; path = MDWampTransports/MDWampTransportWebSocket.h; sourceTree = "<group>"; };
		7619E69318CF6FF900B0209D /* MDWampTransportWebSocket.m */ = {isa = PBXFileReference; fileEncoding = 4; lastKnownFileType = sourcecode.c.objc; name = MDWampTransportWebSocket.m; path = MDWampTransports/MDWampTransportWebSocket.m; sourceTree = "<group>"; };
		7619E69918CF8E9F00B0209D /* MDWampTests.m */ = {isa = PBXFileReference; fileEncoding = 4; lastKnownFileType = sourcecode.c.objc; path = MDWampTests.m; sourceTree = "<group>"; };
		762A51DA195CADCE00A3B344 /* MDWamp-Prefix.pch */ = {isa = PBXFileReference; fileEncoding = 4; lastKnownFileType = sourcecode.c.h; path = "MDWamp-Prefix.pch"; sourceTree = "<group>"; };
		762A51DB195CADCE00A3B344 /* MDWamp-Info.plist */ = {isa = PBXFileReference; fileEncoding = 4; lastKnownFileType = text.plist.xml; path = "MDWamp-Info.plist"; sourceTree = "<group>"; };
		763EEA6A18F8867F007329A6 /* MDWampUnsubscribed.h */ = {isa = PBXFileReference; fileEncoding = 4; lastKnownFileType = sourcecode.c.h; name = MDWampUnsubscribed.h; path = MDWampMessages/MDWampUnsubscribed.h; sourceTree = "<group>"; };
		763EEA6B18F8867F007329A6 /* MDWampUnsubscribed.m */ = {isa = PBXFileReference; fileEncoding = 4; lastKnownFileType = sourcecode.c.objc; name = MDWampUnsubscribed.m; path = MDWampMessages/MDWampUnsubscribed.m; sourceTree = "<group>"; };
		76414F4F1950C86400788300 /* MDWampTransportWebSocketTests.m */ = {isa = PBXFileReference; fileEncoding = 4; lastKnownFileType = sourcecode.c.objc; path = MDWampTransportWebSocketTests.m; sourceTree = "<group>"; };
		76414F511950C8E900788300 /* MDWampTransportdelegateMock.h */ = {isa = PBXFileReference; fileEncoding = 4; lastKnownFileType = sourcecode.c.h; path = MDWampTransportdelegateMock.h; sourceTree = "<group>"; };
		76414F521950C8E900788300 /* MDWampTransportdelegateMock.m */ = {isa = PBXFileReference; fileEncoding = 4; lastKnownFileType = sourcecode.c.objc; path = MDWampTransportdelegateMock.m; sourceTree = "<group>"; };
		764374A1194E238D000F29A8 /* MDStackTest.m */ = {isa = PBXFileReference; fileEncoding = 4; lastKnownFileType = sourcecode.c.objc; path = MDStackTest.m; sourceTree = "<group>"; };
		7646E523185BBAEF004990DD /* MDWampClientDelegate.h */ = {isa = PBXFileReference; fileEncoding = 4; lastKnownFileType = sourcecode.c.h; path = MDWampClientDelegate.h; sourceTree = "<group>"; };
		7659705718620990008B7709 /* XCTAsyncTestCase.h */ = {isa = PBXFileReference; fileEncoding = 4; lastKnownFileType = sourcecode.c.h; path = XCTAsyncTestCase.h; sourceTree = "<group>"; };
		7659705818620990008B7709 /* XCTAsyncTestCase.m */ = {isa = PBXFileReference; fileEncoding = 4; lastKnownFileType = sourcecode.c.objc; path = XCTAsyncTestCase.m; sourceTree = "<group>"; };
		7660CBDD1906DF7700FCCD7A /* MDWampPublished.h */ = {isa = PBXFileReference; fileEncoding = 4; lastKnownFileType = sourcecode.c.h; name = MDWampPublished.h; path = MDWampMessages/MDWampPublished.h; sourceTree = "<group>"; };
		7660CBDE1906DF7700FCCD7A /* MDWampPublished.m */ = {isa = PBXFileReference; fileEncoding = 4; lastKnownFileType = sourcecode.c.objc; name = MDWampPublished.m; path = MDWampMessages/MDWampPublished.m; sourceTree = "<group>"; };
		7660CBE81906E03200FCCD7A /* MDWampRegister.h */ = {isa = PBXFileReference; fileEncoding = 4; lastKnownFileType = sourcecode.c.h; name = MDWampRegister.h; path = MDWampMessages/MDWampRegister.h; sourceTree = "<group>"; };
		7660CBE91906E03200FCCD7A /* MDWampRegister.m */ = {isa = PBXFileReference; fileEncoding = 4; lastKnownFileType = sourcecode.c.objc; name = MDWampRegister.m; path = MDWampMessages/MDWampRegister.m; sourceTree = "<group>"; };
		7660CBF21906E04C00FCCD7A /* MDWampUnregister.h */ = {isa = PBXFileReference; fileEncoding = 4; lastKnownFileType = sourcecode.c.h; name = MDWampUnregister.h; path = MDWampMessages/MDWampUnregister.h; sourceTree = "<group>"; };
		7660CBF31906E04C00FCCD7A /* MDWampUnregister.m */ = {isa = PBXFileReference; fileEncoding = 4; lastKnownFileType = sourcecode.c.objc; name = MDWampUnregister.m; path = MDWampMessages/MDWampUnregister.m; sourceTree = "<group>"; };
		7660CBF71906E05E00FCCD7A /* MDWampUnregistered.h */ = {isa = PBXFileReference; fileEncoding = 4; lastKnownFileType = sourcecode.c.h; name = MDWampUnregistered.h; path = MDWampMessages/MDWampUnregistered.h; sourceTree = "<group>"; };
		7660CBF81906E05E00FCCD7A /* MDWampUnregistered.m */ = {isa = PBXFileReference; fileEncoding = 4; lastKnownFileType = sourcecode.c.objc; name = MDWampUnregistered.m; path = MDWampMessages/MDWampUnregistered.m; sourceTree = "<group>"; };
		7660CBFC1906E0A000FCCD7A /* MDWampRegistered.h */ = {isa = PBXFileReference; fileEncoding = 4; lastKnownFileType = sourcecode.c.h; name = MDWampRegistered.h; path = MDWampMessages/MDWampRegistered.h; sourceTree = "<group>"; };
		7660CBFD1906E0A000FCCD7A /* MDWampRegistered.m */ = {isa = PBXFileReference; fileEncoding = 4; lastKnownFileType = sourcecode.c.objc; name = MDWampRegistered.m; path = MDWampMessages/MDWampRegistered.m; sourceTree = "<group>"; };
		7660CBFE1906E0A000FCCD7A /* MDWampEvent.h */ = {isa = PBXFileReference; fileEncoding = 4; lastKnownFileType = sourcecode.c.h; name = MDWampEvent.h; path = MDWampMessages/MDWampEvent.h; sourceTree = "<group>"; };
		7660CBFF1906E0A000FCCD7A /* MDWampEvent.m */ = {isa = PBXFileReference; fileEncoding = 4; lastKnownFileType = sourcecode.c.objc; name = MDWampEvent.m; path = MDWampMessages/MDWampEvent.m; sourceTree = "<group>"; };
		7660CC001906E0A000FCCD7A /* MDWampMessageFactory.m */ = {isa = PBXFileReference; fileEncoding = 4; lastKnownFileType = sourcecode.c.objc; name = MDWampMessageFactory.m; path = MDWampMessages/MDWampMessageFactory.m; sourceTree = "<group>"; };
		7660CC011906E0A000FCCD7A /* MDWampUnsubscribe.m */ = {isa = PBXFileReference; fileEncoding = 4; lastKnownFileType = sourcecode.c.objc; name = MDWampUnsubscribe.m; path = MDWampMessages/MDWampUnsubscribe.m; sourceTree = "<group>"; };
		7660CC021906E0A000FCCD7A /* MDWampUnsubscribe.h */ = {isa = PBXFileReference; fileEncoding = 4; lastKnownFileType = sourcecode.c.h; name = MDWampUnsubscribe.h; path = MDWampMessages/MDWampUnsubscribe.h; sourceTree = "<group>"; };
		7660CC031906E0A000FCCD7A /* MDWampMessageFactory.h */ = {isa = PBXFileReference; fileEncoding = 4; lastKnownFileType = sourcecode.c.h; name = MDWampMessageFactory.h; path = MDWampMessages/MDWampMessageFactory.h; sourceTree = "<group>"; };
		7660CC101906E13200FCCD7A /* MDWampCall.h */ = {isa = PBXFileReference; fileEncoding = 4; lastKnownFileType = sourcecode.c.h; name = MDWampCall.h; path = MDWampMessages/MDWampCall.h; sourceTree = "<group>"; };
		7660CC111906E13200FCCD7A /* MDWampCall.m */ = {isa = PBXFileReference; fileEncoding = 4; lastKnownFileType = sourcecode.c.objc; name = MDWampCall.m; path = MDWampMessages/MDWampCall.m; sourceTree = "<group>"; };
		7660CC151906E14000FCCD7A /* MDWampResult.h */ = {isa = PBXFileReference; fileEncoding = 4; lastKnownFileType = sourcecode.c.h; name = MDWampResult.h; path = MDWampMessages/MDWampResult.h; sourceTree = "<group>"; };
		7660CC161906E14000FCCD7A /* MDWampResult.m */ = {isa = PBXFileReference; fileEncoding = 4; lastKnownFileType = sourcecode.c.objc; name = MDWampResult.m; path = MDWampMessages/MDWampResult.m; sourceTree = "<group>"; };
		7660CC1A1906E15300FCCD7A /* MDWampInvocation.h */ = {isa = PBXFileReference; fileEncoding = 4; lastKnownFileType = sourcecode.c.h; name = MDWampInvocation.h; path = MDWampMessages/MDWampInvocation.h; sourceTree = "<group>"; };
		7660CC1B1906E15300FCCD7A /* MDWampInvocation.m */ = {isa = PBXFileReference; fileEncoding = 4; lastKnownFileType = sourcecode.c.objc; name = MDWampInvocation.m; path = MDWampMessages/MDWampInvocation.m; sourceTree = "<group>"; };
		7660CC1F1906E16800FCCD7A /* MDWampYield.h */ = {isa = PBXFileReference; fileEncoding = 4; lastKnownFileType = sourcecode.c.h; name = MDWampYield.h; path = MDWampMessages/MDWampYield.h; sourceTree = "<group>"; };
		7660CC201906E16800FCCD7A /* MDWampYield.m */ = {isa = PBXFileReference; fileEncoding = 4; lastKnownFileType = sourcecode.c.objc; name = MDWampYield.m; path = MDWampMessages/MDWampYield.m; sourceTree = "<group>"; };
		766CE93C18F73AA500CADAC9 /* MDWampPublish.h */ = {isa = PBXFileReference; fileEncoding = 4; lastKnownFileType = sourcecode.c.h; name = MDWampPublish.h; path = MDWampMessages/MDWampPublish.h; sourceTree = "<group>"; };
		766CE93D18F73AA500CADAC9 /* MDWampPublish.m */ = {isa = PBXFileReference; fileEncoding = 4; lastKnownFileType = sourcecode.c.objc; name = MDWampPublish.m; path = MDWampMessages/MDWampPublish.m; sourceTree = "<group>"; };
		766CE94018F73B6A00CADAC9 /* MDWampSubscribe.h */ = {isa = PBXFileReference; fileEncoding = 4; lastKnownFileType = sourcecode.c.h; name = MDWampSubscribe.h; path = MDWampMessages/MDWampSubscribe.h; sourceTree = "<group>"; };
		766CE94118F73B6A00CADAC9 /* MDWampSubscribe.m */ = {isa = PBXFileReference; fileEncoding = 4; lastKnownFileType = sourcecode.c.objc; name = MDWampSubscribe.m; path = MDWampMessages/MDWampSubscribe.m; sourceTree = "<group>"; };
		766CE94418F73F6F00CADAC9 /* MDWampSubscribed.h */ = {isa = PBXFileReference; fileEncoding = 4; lastKnownFileType = sourcecode.c.h; name = MDWampSubscribed.h; path = MDWampMessages/MDWampSubscribed.h; sourceTree = "<group>"; };
		766CE94518F73F6F00CADAC9 /* MDWampSubscribed.m */ = {isa = PBXFileReference; fileEncoding = 4; lastKnownFileType = sourcecode.c.objc; name = MDWampSubscribed.m; path = MDWampMessages/MDWampSubscribed.m; sourceTree = "<group>"; };
		7698B1B31952278E0045D400 /* MDWampSerializations.m */ = {isa = PBXFileReference; fileEncoding = 4; lastKnownFileType = sourcecode.c.objc; path = MDWampSerializations.m; sourceTree = "<group>"; };
		7698B1BD19522AF80045D400 /* testcrossbar.app */ = {isa = PBXFileReference; explicitFileType = wrapper.application; includeInIndex = 0; path = testcrossbar.app; sourceTree = BUILT_PRODUCTS_DIR; };
		7698B1BF19522AF80045D400 /* CoreGraphics.framework */ = {isa = PBXFileReference; lastKnownFileType = wrapper.framework; name = CoreGraphics.framework; path = System/Library/Frameworks/CoreGraphics.framework; sourceTree = SDKROOT; };
		7698B1C419522AF80045D400 /* testcrossbar-Info.plist */ = {isa = PBXFileReference; lastKnownFileType = text.plist.xml; path = "testcrossbar-Info.plist"; sourceTree = "<group>"; };
		7698B1C619522AF80045D400 /* en */ = {isa = PBXFileReference; lastKnownFileType = text.plist.strings; name = en; path = en.lproj/InfoPlist.strings; sourceTree = "<group>"; };
		7698B1C819522AF80045D400 /* main.m */ = {isa = PBXFileReference; lastKnownFileType = sourcecode.c.objc; path = main.m; sourceTree = "<group>"; };
		7698B1CA19522AF80045D400 /* testcrossbar-Prefix.pch */ = {isa = PBXFileReference; lastKnownFileType = sourcecode.c.h; path = "testcrossbar-Prefix.pch"; sourceTree = "<group>"; };
		7698B1CB19522AF90045D400 /* AppDelegate.h */ = {isa = PBXFileReference; lastKnownFileType = sourcecode.c.h; path = AppDelegate.h; sourceTree = "<group>"; };
		7698B1CC19522AF90045D400 /* AppDelegate.m */ = {isa = PBXFileReference; lastKnownFileType = sourcecode.c.objc; path = AppDelegate.m; sourceTree = "<group>"; };
		7698B1CF19522AF90045D400 /* Base */ = {isa = PBXFileReference; lastKnownFileType = file.storyboard; name = Base; path = Base.lproj/Main.storyboard; sourceTree = "<group>"; };
		7698B1D119522AF90045D400 /* ViewController.h */ = {isa = PBXFileReference; lastKnownFileType = sourcecode.c.h; path = ViewController.h; sourceTree = "<group>"; };
		7698B1D219522AF90045D400 /* ViewController.m */ = {isa = PBXFileReference; lastKnownFileType = sourcecode.c.objc; path = ViewController.m; sourceTree = "<group>"; };
		7698B1D419522AF90045D400 /* Images.xcassets */ = {isa = PBXFileReference; lastKnownFileType = folder.assetcatalog; path = Images.xcassets; sourceTree = "<group>"; };
		7698B1F619522D1C0045D400 /* libicucore.dylib */ = {isa = PBXFileReference; lastKnownFileType = "compiled.mach-o.dylib"; name = libicucore.dylib; path = Platforms/iPhoneOS.platform/Developer/SDKs/iPhoneOS7.1.sdk/usr/lib/libicucore.dylib; sourceTree = DEVELOPER_DIR; };
		7698B1F819522D2B0045D400 /* CFNetwork.framework */ = {isa = PBXFileReference; lastKnownFileType = wrapper.framework; name = CFNetwork.framework; path = Platforms/iPhoneOS.platform/Developer/SDKs/iPhoneOS7.1.sdk/System/Library/Frameworks/CFNetwork.framework; sourceTree = DEVELOPER_DIR; };
		7698B1FA19522D310045D400 /* Security.framework */ = {isa = PBXFileReference; lastKnownFileType = wrapper.framework; name = Security.framework; path = Platforms/iPhoneOS.platform/Developer/SDKs/iPhoneOS7.1.sdk/System/Library/Frameworks/Security.framework; sourceTree = DEVELOPER_DIR; };
		76BFC09A18CCF142007B518F /* MDWampSerialization.h */ = {isa = PBXFileReference; fileEncoding = 4; lastKnownFileType = sourcecode.c.h; name = MDWampSerialization.h; path = MDWampSerializations/MDWampSerialization.h; sourceTree = "<group>"; };
		76BFC09C18CCF1CB007B518F /* MDWampSerializationJSON.h */ = {isa = PBXFileReference; fileEncoding = 4; lastKnownFileType = sourcecode.c.h; name = MDWampSerializationJSON.h; path = MDWampSerializations/MDWampSerializationJSON.h; sourceTree = "<group>"; };
		76BFC09D18CCF1CB007B518F /* MDWampSerializationJSON.m */ = {isa = PBXFileReference; fileEncoding = 4; lastKnownFileType = sourcecode.c.objc; name = MDWampSerializationJSON.m; path = MDWampSerializations/MDWampSerializationJSON.m; sourceTree = "<group>"; };
		76BFC0A318CCF23A007B518F /* NSString+MDString.h */ = {isa = PBXFileReference; fileEncoding = 4; lastKnownFileType = sourcecode.c.h; path = "NSString+MDString.h"; sourceTree = "<group>"; };
		76BFC0A418CCF23A007B518F /* NSString+MDString.m */ = {isa = PBXFileReference; fileEncoding = 4; lastKnownFileType = sourcecode.c.objc; path = "NSString+MDString.m"; sourceTree = "<group>"; };
		76BFC0A918CCF3BF007B518F /* MDWampSerializations.h */ = {isa = PBXFileReference; fileEncoding = 4; lastKnownFileType = sourcecode.c.h; name = MDWampSerializations.h; path = MDWampSerializations/MDWampSerializations.h; sourceTree = "<group>"; };
		76BFC0AB18CCF4B5007B518F /* MDWampMessages.h */ = {isa = PBXFileReference; fileEncoding = 4; lastKnownFileType = sourcecode.c.h; name = MDWampMessages.h; path = MDWampMessages/MDWampMessages.h; sourceTree = "<group>"; };
		76CCC6EF185BD1F10056AB98 /* en */ = {isa = PBXFileReference; lastKnownFileType = text.plist.strings; name = en; path = en.lproj/InfoPlist.strings; sourceTree = "<group>"; };
		76CCC6F0185BD1F10056AB98 /* MDWampClientDelegateMock.h */ = {isa = PBXFileReference; fileEncoding = 4; lastKnownFileType = sourcecode.c.h; path = MDWampClientDelegateMock.h; sourceTree = "<group>"; };
		76CCC6F1185BD1F10056AB98 /* MDWampClientDelegateMock.m */ = {isa = PBXFileReference; fileEncoding = 4; lastKnownFileType = sourcecode.c.objc; path = MDWampClientDelegateMock.m; sourceTree = "<group>"; };
		76CCC6F3185BD1F10056AB98 /* MDWampTestIncludes.h */ = {isa = PBXFileReference; fileEncoding = 4; lastKnownFileType = sourcecode.c.h; path = MDWampTestIncludes.h; sourceTree = "<group>"; };
		76CCC6F4185BD1F10056AB98 /* MDWampTests-Info.plist */ = {isa = PBXFileReference; fileEncoding = 4; lastKnownFileType = text.plist.xml; path = "MDWampTests-Info.plist"; sourceTree = "<group>"; };
		76EF81D218D1043700DFB13B /* MDWampTransportMock.h */ = {isa = PBXFileReference; fileEncoding = 4; lastKnownFileType = sourcecode.c.h; path = MDWampTransportMock.h; sourceTree = "<group>"; };
		76EF81D318D1043700DFB13B /* MDWampTransportMock.m */ = {isa = PBXFileReference; fileEncoding = 4; lastKnownFileType = sourcecode.c.objc; path = MDWampTransportMock.m; sourceTree = "<group>"; };
		76EF81D918D1087000DFB13B /* MDWampSerializationMock.h */ = {isa = PBXFileReference; fileEncoding = 4; lastKnownFileType = sourcecode.c.h; path = MDWampSerializationMock.h; sourceTree = "<group>"; };
		76EF81DA18D1087000DFB13B /* MDWampSerializationMock.m */ = {isa = PBXFileReference; fileEncoding = 4; lastKnownFileType = sourcecode.c.objc; path = MDWampSerializationMock.m; sourceTree = "<group>"; };
		76F0153D1959F38F00F9991E /* MessagePack.h */ = {isa = PBXFileReference; fileEncoding = 4; lastKnownFileType = sourcecode.c.h; path = MessagePack.h; sourceTree = "<group>"; };
		76F0153E1959F38F00F9991E /* MessagePackPacker.h */ = {isa = PBXFileReference; fileEncoding = 4; lastKnownFileType = sourcecode.c.h; path = MessagePackPacker.h; sourceTree = "<group>"; };
		76F0153F1959F38F00F9991E /* MessagePackPacker.m */ = {isa = PBXFileReference; fileEncoding = 4; lastKnownFileType = sourcecode.c.objc; path = MessagePackPacker.m; sourceTree = "<group>"; };
		76F015401959F38F00F9991E /* MessagePackParser+Streaming.h */ = {isa = PBXFileReference; fileEncoding = 4; lastKnownFileType = sourcecode.c.h; path = "MessagePackParser+Streaming.h"; sourceTree = "<group>"; };
		76F015411959F38F00F9991E /* MessagePackParser+Streaming.m */ = {isa = PBXFileReference; fileEncoding = 4; lastKnownFileType = sourcecode.c.objc; path = "MessagePackParser+Streaming.m"; sourceTree = "<group>"; };
		76F015421959F38F00F9991E /* MessagePackParser.h */ = {isa = PBXFileReference; fileEncoding = 4; lastKnownFileType = sourcecode.c.h; path = MessagePackParser.h; sourceTree = "<group>"; };
		76F015431959F38F00F9991E /* MessagePackParser.m */ = {isa = PBXFileReference; fileEncoding = 4; lastKnownFileType = sourcecode.c.objc; path = MessagePackParser.m; sourceTree = "<group>"; };
		76F015461959F38F00F9991E /* object.h */ = {isa = PBXFileReference; fileEncoding = 4; lastKnownFileType = sourcecode.c.h; path = object.h; sourceTree = "<group>"; };
		76F015471959F38F00F9991E /* pack.h */ = {isa = PBXFileReference; fileEncoding = 4; lastKnownFileType = sourcecode.c.h; path = pack.h; sourceTree = "<group>"; };
		76F015481959F38F00F9991E /* pack_define.h */ = {isa = PBXFileReference; fileEncoding = 4; lastKnownFileType = sourcecode.c.h; path = pack_define.h; sourceTree = "<group>"; };
		76F015491959F38F00F9991E /* pack_template.h */ = {isa = PBXFileReference; fileEncoding = 4; lastKnownFileType = sourcecode.c.h; path = pack_template.h; sourceTree = "<group>"; };
		76F0154A1959F38F00F9991E /* sbuffer.h */ = {isa = PBXFileReference; fileEncoding = 4; lastKnownFileType = sourcecode.c.h; path = sbuffer.h; sourceTree = "<group>"; };
		76F0154B1959F38F00F9991E /* sysdep.h */ = {isa = PBXFileReference; fileEncoding = 4; lastKnownFileType = sourcecode.c.h; path = sysdep.h; sourceTree = "<group>"; };
		76F0154C1959F38F00F9991E /* unpack.h */ = {isa = PBXFileReference; fileEncoding = 4; lastKnownFileType = sourcecode.c.h; path = unpack.h; sourceTree = "<group>"; };
		76F0154D1959F38F00F9991E /* unpack_define.h */ = {isa = PBXFileReference; fileEncoding = 4; lastKnownFileType = sourcecode.c.h; path = unpack_define.h; sourceTree = "<group>"; };
		76F0154E1959F38F00F9991E /* unpack_template.h */ = {isa = PBXFileReference; fileEncoding = 4; lastKnownFileType = sourcecode.c.h; path = unpack_template.h; sourceTree = "<group>"; };
		76F0154F1959F38F00F9991E /* version.h */ = {isa = PBXFileReference; fileEncoding = 4; lastKnownFileType = sourcecode.c.h; path = version.h; sourceTree = "<group>"; };
		76F015501959F38F00F9991E /* vrefbuffer.h */ = {isa = PBXFileReference; fileEncoding = 4; lastKnownFileType = sourcecode.c.h; path = vrefbuffer.h; sourceTree = "<group>"; };
		76F015511959F38F00F9991E /* zbuffer.h */ = {isa = PBXFileReference; fileEncoding = 4; lastKnownFileType = sourcecode.c.h; path = zbuffer.h; sourceTree = "<group>"; };
		76F015521959F38F00F9991E /* zone.h */ = {isa = PBXFileReference; fileEncoding = 4; lastKnownFileType = sourcecode.c.h; path = zone.h; sourceTree = "<group>"; };
		76F015531959F38F00F9991E /* msgpack.h */ = {isa = PBXFileReference; fileEncoding = 4; lastKnownFileType = sourcecode.c.h; path = msgpack.h; sourceTree = "<group>"; };
		76F015541959F38F00F9991E /* objectc.c */ = {isa = PBXFileReference; fileEncoding = 4; lastKnownFileType = sourcecode.c.c; path = objectc.c; sourceTree = "<group>"; };
		76F015551959F38F00F9991E /* unpack.c */ = {isa = PBXFileReference; fileEncoding = 4; lastKnownFileType = sourcecode.c.c; path = unpack.c; sourceTree = "<group>"; };
		76F015561959F38F00F9991E /* version.c */ = {isa = PBXFileReference; fileEncoding = 4; lastKnownFileType = sourcecode.c.c; path = version.c; sourceTree = "<group>"; };
		76F015571959F38F00F9991E /* vrefbuffer.c */ = {isa = PBXFileReference; fileEncoding = 4; lastKnownFileType = sourcecode.c.c; path = vrefbuffer.c; sourceTree = "<group>"; };
		76F015581959F38F00F9991E /* zone.c */ = {isa = PBXFileReference; fileEncoding = 4; lastKnownFileType = sourcecode.c.c; path = zone.c; sourceTree = "<group>"; };
		76F015591959F38F00F9991E /* NSArray+MessagePack.h */ = {isa = PBXFileReference; fileEncoding = 4; lastKnownFileType = sourcecode.c.h; path = "NSArray+MessagePack.h"; sourceTree = "<group>"; };
		76F0155A1959F38F00F9991E /* NSArray+MessagePack.m */ = {isa = PBXFileReference; fileEncoding = 4; lastKnownFileType = sourcecode.c.objc; path = "NSArray+MessagePack.m"; sourceTree = "<group>"; };
		76F0155B1959F38F00F9991E /* NSData+MessagePack.h */ = {isa = PBXFileReference; fileEncoding = 4; lastKnownFileType = sourcecode.c.h; path = "NSData+MessagePack.h"; sourceTree = "<group>"; };
		76F0155C1959F38F00F9991E /* NSData+MessagePack.m */ = {isa = PBXFileReference; fileEncoding = 4; lastKnownFileType = sourcecode.c.objc; path = "NSData+MessagePack.m"; sourceTree = "<group>"; };
		76F0155D1959F38F00F9991E /* NSDictionary+MessagePack.h */ = {isa = PBXFileReference; fileEncoding = 4; lastKnownFileType = sourcecode.c.h; path = "NSDictionary+MessagePack.h"; sourceTree = "<group>"; };
		76F0155E1959F38F00F9991E /* NSDictionary+MessagePack.m */ = {isa = PBXFileReference; fileEncoding = 4; lastKnownFileType = sourcecode.c.objc; path = "NSDictionary+MessagePack.m"; sourceTree = "<group>"; };
		76F0155F1959F38F00F9991E /* readme.md */ = {isa = PBXFileReference; fileEncoding = 4; lastKnownFileType = text; path = readme.md; sourceTree = "<group>"; };
		76F0158C1959F3DE00F9991E /* MDWampSerializationMsgpack.h */ = {isa = PBXFileReference; fileEncoding = 4; lastKnownFileType = sourcecode.c.h; name = MDWampSerializationMsgpack.h; path = MDWampSerializations/MDWampSerializationMsgpack.h; sourceTree = "<group>"; };
		76F0158D1959F3DE00F9991E /* MDWampSerializationMsgpack.m */ = {isa = PBXFileReference; fileEncoding = 4; lastKnownFileType = sourcecode.c.objc; name = MDWampSerializationMsgpack.m; path = MDWampSerializations/MDWampSerializationMsgpack.m; sourceTree = "<group>"; };
		76FC3EDF18CBB404008BAD08 /* MDWampHello.h */ = {isa = PBXFileReference; fileEncoding = 4; lastKnownFileType = sourcecode.c.h; name = MDWampHello.h; path = MDWampMessages/MDWampHello.h; sourceTree = "<group>"; };
		76FC3EE018CBB404008BAD08 /* MDWampHello.m */ = {isa = PBXFileReference; fileEncoding = 4; lastKnownFileType = sourcecode.c.objc; name = MDWampHello.m; path = MDWampMessages/MDWampHello.m; sourceTree = "<group>"; };
		76FC3EEF18CBB4CC008BAD08 /* MDWampWelcome.h */ = {isa = PBXFileReference; fileEncoding = 4; lastKnownFileType = sourcecode.c.h; name = MDWampWelcome.h; path = MDWampMessages/MDWampWelcome.h; sourceTree = "<group>"; };
		76FC3EF018CBB4CC008BAD08 /* MDWampWelcome.m */ = {isa = PBXFileReference; fileEncoding = 4; lastKnownFileType = sourcecode.c.objc; name = MDWampWelcome.m; path = MDWampMessages/MDWampWelcome.m; sourceTree = "<group>"; };
		76FC3F0718CBB5A4008BAD08 /* MDWampGoodbye.h */ = {isa = PBXFileReference; fileEncoding = 4; lastKnownFileType = sourcecode.c.h; name = MDWampGoodbye.h; path = MDWampMessages/MDWampGoodbye.h; sourceTree = "<group>"; };
		76FC3F0818CBB5A4008BAD08 /* MDWampGoodbye.m */ = {isa = PBXFileReference; fileEncoding = 4; lastKnownFileType = sourcecode.c.objc; name = MDWampGoodbye.m; path = MDWampMessages/MDWampGoodbye.m; sourceTree = "<group>"; };
		76FC3F0918CBB5A4008BAD08 /* MDWampAbort.h */ = {isa = PBXFileReference; fileEncoding = 4; lastKnownFileType = sourcecode.c.h; name = MDWampAbort.h; path = MDWampMessages/MDWampAbort.h; sourceTree = "<group>"; };
		76FC3F0A18CBB5A4008BAD08 /* MDWampAbort.m */ = {isa = PBXFileReference; fileEncoding = 4; lastKnownFileType = sourcecode.c.objc; name = MDWampAbort.m; path = MDWampMessages/MDWampAbort.m; sourceTree = "<group>"; };
		76FC3F1318CBB5E9008BAD08 /* MDWampError.h */ = {isa = PBXFileReference; fileEncoding = 4; lastKnownFileType = sourcecode.c.h; name = MDWampError.h; path = MDWampMessages/MDWampError.h; sourceTree = "<group>"; };
		76FC3F1418CBB5E9008BAD08 /* MDWampError.m */ = {isa = PBXFileReference; fileEncoding = 4; lastKnownFileType = sourcecode.c.objc; name = MDWampError.m; path = MDWampMessages/MDWampError.m; sourceTree = "<group>"; };
		76FC3F1F18CBB9DD008BAD08 /* MDWampMessage.h */ = {isa = PBXFileReference; fileEncoding = 4; lastKnownFileType = sourcecode.c.h; name = MDWampMessage.h; path = MDWampMessages/MDWampMessage.h; sourceTree = "<group>"; };
		76FC3F2518CBD214008BAD08 /* NSMutableArray+MDStack.h */ = {isa = PBXFileReference; fileEncoding = 4; lastKnownFileType = sourcecode.c.h; path = "NSMutableArray+MDStack.h"; sourceTree = "<group>"; };
		76FC3F2618CBD214008BAD08 /* NSMutableArray+MDStack.m */ = {isa = PBXFileReference; fileEncoding = 4; lastKnownFileType = sourcecode.c.objc; path = "NSMutableArray+MDStack.m"; sourceTree = "<group>"; };
		76FD8049185BB3F000D1B5C0 /* MDWamp.h */ = {isa = PBXFileReference; fileEncoding = 4; lastKnownFileType = sourcecode.c.h; path = MDWamp.h; sourceTree = "<group>"; };
		76FD804A185BB3F000D1B5C0 /* MDWamp.m */ = {isa = PBXFileReference; fileEncoding = 4; lastKnownFileType = sourcecode.c.objc; path = MDWamp.m; sourceTree = "<group>"; };
/* End PBXFileReference section */

/* Begin PBXFrameworksBuildPhase section */
		7604D703185B499D0087773E /* Frameworks */ = {
			isa = PBXFrameworksBuildPhase;
			buildActionMask = 2147483647;
			files = (
				7604D79A185B6E910087773E /* SocketRocket.framework in Frameworks */,
				7604D70B185B499D0087773E /* Cocoa.framework in Frameworks */,
			);
			runOnlyForDeploymentPostprocessing = 0;
		};
		7604D71B185B499D0087773E /* Frameworks */ = {
			isa = PBXFrameworksBuildPhase;
			buildActionMask = 2147483647;
			files = (
				7604D721185B499E0087773E /* Cocoa.framework in Frameworks */,
				7604D724185B499E0087773E /* MDWamp.framework in Frameworks */,
				7604D720185B499D0087773E /* XCTest.framework in Frameworks */,
				7646E53B185BCF92004990DD /* SocketRocket.framework in Frameworks */,
			);
			runOnlyForDeploymentPostprocessing = 0;
		};
		7604D763185B6B880087773E /* Frameworks */ = {
			isa = PBXFrameworksBuildPhase;
			buildActionMask = 2147483647;
			files = (
				7604D799185B6E8A0087773E /* libSocketRocket.a in Frameworks */,
				7604D767185B6B880087773E /* Foundation.framework in Frameworks */,
			);
			runOnlyForDeploymentPostprocessing = 0;
		};
		7698B1BA19522AF80045D400 /* Frameworks */ = {
			isa = PBXFrameworksBuildPhase;
			buildActionMask = 2147483647;
			files = (
				7698B1FB19522D310045D400 /* Security.framework in Frameworks */,
				7698B1F919522D2B0045D400 /* CFNetwork.framework in Frameworks */,
				7698B1F719522D1C0045D400 /* libicucore.dylib in Frameworks */,
				7698B1F219522C940045D400 /* libMDWamp.a in Frameworks */,
				7698B1C019522AF80045D400 /* CoreGraphics.framework in Frameworks */,
				7698B1BE19522AF80045D400 /* Foundation.framework in Frameworks */,
			);
			runOnlyForDeploymentPostprocessing = 0;
		};
/* End PBXFrameworksBuildPhase section */

/* Begin PBXGroup section */
		7604D6FD185B499D0087773E = {
			isa = PBXGroup;
			children = (
				7604D78A185B6E6E0087773E /* SocketRocket.xcodeproj */,
				76F0153C1959F38F00F9991E /* msgpack-objectivec */,
				76FD803B185BB3C800D1B5C0 /* MDWamp */,
				76CCC6ED185BD1F10056AB98 /* MDWampTests */,
				7698B1C219522AF80045D400 /* testcrossbar */,
				7604D709185B499D0087773E /* Frameworks */,
				7604D708185B499D0087773E /* Products */,
			);
			sourceTree = "<group>";
		};
		7604D708185B499D0087773E /* Products */ = {
			isa = PBXGroup;
			children = (
				7604D707185B499D0087773E /* MDWamp.framework */,
				7604D71E185B499D0087773E /* MDWampTests.xctest */,
				7604D766185B6B880087773E /* libMDWamp.a */,
				7698B1BD19522AF80045D400 /* testcrossbar.app */,
			);
			name = Products;
			sourceTree = "<group>";
		};
		7604D709185B499D0087773E /* Frameworks */ = {
			isa = PBXGroup;
			children = (
				7698B1F619522D1C0045D400 /* libicucore.dylib */,
				7698B1FA19522D310045D400 /* Security.framework */,
				7698B1F819522D2B0045D400 /* CFNetwork.framework */,
				7604D70A185B499D0087773E /* Cocoa.framework */,
				7604D71F185B499D0087773E /* XCTest.framework */,
				7604D73A185B4A7B0087773E /* Foundation.framework */,
				7698B1BF19522AF80045D400 /* CoreGraphics.framework */,
			);
			name = Frameworks;
			sourceTree = "<group>";
		};
		7604D711185B499D0087773E /* Supporting Files */ = {
			isa = PBXGroup;
			children = (
				762A51DA195CADCE00A3B344 /* MDWamp-Prefix.pch */,
				762A51DB195CADCE00A3B344 /* MDWamp-Info.plist */,
			);
			name = "Supporting Files";
			sourceTree = "<group>";
		};
		7604D78B185B6E6E0087773E /* Products */ = {
			isa = PBXGroup;
			children = (
				7604D792185B6E6E0087773E /* libSocketRocket.a */,
				7604D794185B6E6E0087773E /* SocketRocket.framework */,
				7604D796185B6E6E0087773E /* SRWebSocketTests.octest */,
				7604D798185B6E6E0087773E /* TestChat.app */,
			);
			name = Products;
			sourceTree = "<group>";
		};
		760DA6F918EB0A0D006EC89C /* lib */ = {
			isa = PBXGroup;
			children = (
				7659705718620990008B7709 /* XCTAsyncTestCase.h */,
				7659705818620990008B7709 /* XCTAsyncTestCase.m */,
			);
			name = lib;
			sourceTree = "<group>";
		};
		7619E68518CF658100B0209D /* MDWampTransports */ = {
			isa = PBXGroup;
			children = (
				7619E68A18CF65B400B0209D /* MDWampTransport.h */,
				7619E68E18CF663200B0209D /* MDWampTransports.h */,
				7619E68C18CF65D100B0209D /* MDWampTransportDelegate.h */,
				7619E69218CF6FF900B0209D /* MDWampTransportWebSocket.h */,
				7619E69318CF6FF900B0209D /* MDWampTransportWebSocket.m */,
			);
			name = MDWampTransports;
			sourceTree = "<group>";
		};
		763EEA5F18F880F1007329A6 /* Connection */ = {
			isa = PBXGroup;
			children = (
				76FC3EDF18CBB404008BAD08 /* MDWampHello.h */,
				76FC3EE018CBB404008BAD08 /* MDWampHello.m */,
				76FC3EEF18CBB4CC008BAD08 /* MDWampWelcome.h */,
				76FC3EF018CBB4CC008BAD08 /* MDWampWelcome.m */,
				76FC3F0918CBB5A4008BAD08 /* MDWampAbort.h */,
				76FC3F0A18CBB5A4008BAD08 /* MDWampAbort.m */,
				76FC3F0718CBB5A4008BAD08 /* MDWampGoodbye.h */,
				76FC3F0818CBB5A4008BAD08 /* MDWampGoodbye.m */,
			);
			name = Connection;
			sourceTree = "<group>";
		};
		763EEA6418F88105007329A6 /* Pub/Sub */ = {
			isa = PBXGroup;
			children = (
				7660CBFE1906E0A000FCCD7A /* MDWampEvent.h */,
				7660CBFF1906E0A000FCCD7A /* MDWampEvent.m */,
				766CE94018F73B6A00CADAC9 /* MDWampSubscribe.h */,
				766CE94118F73B6A00CADAC9 /* MDWampSubscribe.m */,
				766CE94418F73F6F00CADAC9 /* MDWampSubscribed.h */,
				766CE94518F73F6F00CADAC9 /* MDWampSubscribed.m */,
				7660CC011906E0A000FCCD7A /* MDWampUnsubscribe.m */,
				7660CC021906E0A000FCCD7A /* MDWampUnsubscribe.h */,
				763EEA6A18F8867F007329A6 /* MDWampUnsubscribed.h */,
				763EEA6B18F8867F007329A6 /* MDWampUnsubscribed.m */,
				766CE93C18F73AA500CADAC9 /* MDWampPublish.h */,
				766CE93D18F73AA500CADAC9 /* MDWampPublish.m */,
				7660CBDD1906DF7700FCCD7A /* MDWampPublished.h */,
				7660CBDE1906DF7700FCCD7A /* MDWampPublished.m */,
			);
			name = Pub/Sub;
			sourceTree = "<group>";
		};
		7660CBE71906E01400FCCD7A /* RPC */ = {
			isa = PBXGroup;
			children = (
				7660CBE81906E03200FCCD7A /* MDWampRegister.h */,
				7660CBE91906E03200FCCD7A /* MDWampRegister.m */,
				7660CBFC1906E0A000FCCD7A /* MDWampRegistered.h */,
				7660CBFD1906E0A000FCCD7A /* MDWampRegistered.m */,
				7660CBF21906E04C00FCCD7A /* MDWampUnregister.h */,
				7660CBF31906E04C00FCCD7A /* MDWampUnregister.m */,
				7660CBF71906E05E00FCCD7A /* MDWampUnregistered.h */,
				7660CBF81906E05E00FCCD7A /* MDWampUnregistered.m */,
				7660CC101906E13200FCCD7A /* MDWampCall.h */,
				7660CC111906E13200FCCD7A /* MDWampCall.m */,
				7660CC151906E14000FCCD7A /* MDWampResult.h */,
				7660CC161906E14000FCCD7A /* MDWampResult.m */,
				7660CC1A1906E15300FCCD7A /* MDWampInvocation.h */,
				7660CC1B1906E15300FCCD7A /* MDWampInvocation.m */,
				7660CC1F1906E16800FCCD7A /* MDWampYield.h */,
				7660CC201906E16800FCCD7A /* MDWampYield.m */,
			);
			name = RPC;
			sourceTree = "<group>";
		};
		7698B1C219522AF80045D400 /* testcrossbar */ = {
			isa = PBXGroup;
			children = (
				7698B1CB19522AF90045D400 /* AppDelegate.h */,
				7698B1CC19522AF90045D400 /* AppDelegate.m */,
				7698B1CE19522AF90045D400 /* Main.storyboard */,
				7698B1D119522AF90045D400 /* ViewController.h */,
				7698B1D219522AF90045D400 /* ViewController.m */,
				7698B1D419522AF90045D400 /* Images.xcassets */,
				7698B1C319522AF80045D400 /* Supporting Files */,
			);
			path = testcrossbar;
			sourceTree = "<group>";
		};
		7698B1C319522AF80045D400 /* Supporting Files */ = {
			isa = PBXGroup;
			children = (
				7698B1C419522AF80045D400 /* testcrossbar-Info.plist */,
				7698B1C519522AF80045D400 /* InfoPlist.strings */,
				7698B1C819522AF80045D400 /* main.m */,
				7698B1CA19522AF80045D400 /* testcrossbar-Prefix.pch */,
			);
			name = "Supporting Files";
			sourceTree = "<group>";
		};
		76BFC09918CCF11A007B518F /* MDWampSerializations */ = {
			isa = PBXGroup;
			children = (
				76BFC09A18CCF142007B518F /* MDWampSerialization.h */,
				76BFC0A918CCF3BF007B518F /* MDWampSerializations.h */,
				76BFC09C18CCF1CB007B518F /* MDWampSerializationJSON.h */,
				76BFC09D18CCF1CB007B518F /* MDWampSerializationJSON.m */,
				76F0158C1959F3DE00F9991E /* MDWampSerializationMsgpack.h */,
				76F0158D1959F3DE00F9991E /* MDWampSerializationMsgpack.m */,
			);
			name = MDWampSerializations;
			sourceTree = "<group>";
		};
		76BFC0A218CCF21D007B518F /* Categories */ = {
			isa = PBXGroup;
			children = (
				76FC3F2518CBD214008BAD08 /* NSMutableArray+MDStack.h */,
				76FC3F2618CBD214008BAD08 /* NSMutableArray+MDStack.m */,
				76BFC0A318CCF23A007B518F /* NSString+MDString.h */,
				76BFC0A418CCF23A007B518F /* NSString+MDString.m */,
			);
			path = Categories;
			sourceTree = "<group>";
		};
		76CCC6ED185BD1F10056AB98 /* MDWampTests */ = {
			isa = PBXGroup;
			children = (
				76CCC6EE185BD1F10056AB98 /* InfoPlist.strings */,
				76CCC6F4185BD1F10056AB98 /* MDWampTests-Info.plist */,
				760DA6F918EB0A0D006EC89C /* lib */,
				76CCC6FB185BD2210056AB98 /* Mock */,
				76CCC6F3185BD1F10056AB98 /* MDWampTestIncludes.h */,
				760DA6FA18EB0A9E006EC89C /* MDWampMessageFactoryTests.m */,
				760DA6FC18EB0E7D006EC89C /* MDWampMessagesTests.m */,
				7619E69918CF8E9F00B0209D /* MDWampTests.m */,
				764374A1194E238D000F29A8 /* MDStackTest.m */,
				76414F4F1950C86400788300 /* MDWampTransportWebSocketTests.m */,
				7698B1B31952278E0045D400 /* MDWampSerializations.m */,
			);
			path = MDWampTests;
			sourceTree = "<group>";
		};
		76CCC6FB185BD2210056AB98 /* Mock */ = {
			isa = PBXGroup;
			children = (
				76CCC6F0185BD1F10056AB98 /* MDWampClientDelegateMock.h */,
				76CCC6F1185BD1F10056AB98 /* MDWampClientDelegateMock.m */,
				76EF81D218D1043700DFB13B /* MDWampTransportMock.h */,
				76EF81D318D1043700DFB13B /* MDWampTransportMock.m */,
				76EF81D918D1087000DFB13B /* MDWampSerializationMock.h */,
				76EF81DA18D1087000DFB13B /* MDWampSerializationMock.m */,
				76414F511950C8E900788300 /* MDWampTransportdelegateMock.h */,
				76414F521950C8E900788300 /* MDWampTransportdelegateMock.m */,
			);
			name = Mock;
			sourceTree = "<group>";
		};
		76E6F10518C92E8700092F97 /* MDWampMessages */ = {
			isa = PBXGroup;
			children = (
				7660CC031906E0A000FCCD7A /* MDWampMessageFactory.h */,
				7660CC001906E0A000FCCD7A /* MDWampMessageFactory.m */,
				76BFC0AB18CCF4B5007B518F /* MDWampMessages.h */,
				76FC3F1F18CBB9DD008BAD08 /* MDWampMessage.h */,
				76FC3F1318CBB5E9008BAD08 /* MDWampError.h */,
				76FC3F1418CBB5E9008BAD08 /* MDWampError.m */,
				7660CBE71906E01400FCCD7A /* RPC */,
				763EEA5F18F880F1007329A6 /* Connection */,
				763EEA6418F88105007329A6 /* Pub/Sub */,
			);
			name = MDWampMessages;
			sourceTree = "<group>";
		};
		76F0153C1959F38F00F9991E /* msgpack-objectivec */ = {
			isa = PBXGroup;
			children = (
				76F0153D1959F38F00F9991E /* MessagePack.h */,
				76F0153E1959F38F00F9991E /* MessagePackPacker.h */,
				76F0153F1959F38F00F9991E /* MessagePackPacker.m */,
				76F015401959F38F00F9991E /* MessagePackParser+Streaming.h */,
				76F015411959F38F00F9991E /* MessagePackParser+Streaming.m */,
				76F015421959F38F00F9991E /* MessagePackParser.h */,
				76F015431959F38F00F9991E /* MessagePackParser.m */,
				76F015441959F38F00F9991E /* msgpack_src */,
				76F015591959F38F00F9991E /* NSArray+MessagePack.h */,
				76F0155A1959F38F00F9991E /* NSArray+MessagePack.m */,
				76F0155B1959F38F00F9991E /* NSData+MessagePack.h */,
				76F0155C1959F38F00F9991E /* NSData+MessagePack.m */,
				76F0155D1959F38F00F9991E /* NSDictionary+MessagePack.h */,
				76F0155E1959F38F00F9991E /* NSDictionary+MessagePack.m */,
				76F0155F1959F38F00F9991E /* readme.md */,
			);
			name = "msgpack-objectivec";
			path = "lib/msgpack-objectivec";
			sourceTree = "<group>";
		};
		76F015441959F38F00F9991E /* msgpack_src */ = {
			isa = PBXGroup;
			children = (
				76F015451959F38F00F9991E /* msgpack */,
				76F015531959F38F00F9991E /* msgpack.h */,
				76F015541959F38F00F9991E /* objectc.c */,
				76F015551959F38F00F9991E /* unpack.c */,
				76F015561959F38F00F9991E /* version.c */,
				76F015571959F38F00F9991E /* vrefbuffer.c */,
				76F015581959F38F00F9991E /* zone.c */,
			);
			path = msgpack_src;
			sourceTree = "<group>";
		};
		76F015451959F38F00F9991E /* msgpack */ = {
			isa = PBXGroup;
			children = (
				76F015461959F38F00F9991E /* object.h */,
				76F015471959F38F00F9991E /* pack.h */,
				76F015481959F38F00F9991E /* pack_define.h */,
				76F015491959F38F00F9991E /* pack_template.h */,
				76F0154A1959F38F00F9991E /* sbuffer.h */,
				76F0154B1959F38F00F9991E /* sysdep.h */,
				76F0154C1959F38F00F9991E /* unpack.h */,
				76F0154D1959F38F00F9991E /* unpack_define.h */,
				76F0154E1959F38F00F9991E /* unpack_template.h */,
				76F0154F1959F38F00F9991E /* version.h */,
				76F015501959F38F00F9991E /* vrefbuffer.h */,
				76F015511959F38F00F9991E /* zbuffer.h */,
				76F015521959F38F00F9991E /* zone.h */,
			);
			path = msgpack;
			sourceTree = "<group>";
		};
		76FD803B185BB3C800D1B5C0 /* MDWamp */ = {
			isa = PBXGroup;
			children = (
				7604D711185B499D0087773E /* Supporting Files */,
				76BFC0A218CCF21D007B518F /* Categories */,
				7619E68518CF658100B0209D /* MDWampTransports */,
				76BFC09918CCF11A007B518F /* MDWampSerializations */,
				76E6F10518C92E8700092F97 /* MDWampMessages */,
				76FD8049185BB3F000D1B5C0 /* MDWamp.h */,
				76FD804A185BB3F000D1B5C0 /* MDWamp.m */,
				760DA6F118EAF930006EC89C /* MDWampConstants.h */,
				7646E523185BBAEF004990DD /* MDWampClientDelegate.h */,
			);
			path = MDWamp;
			sourceTree = "<group>";
		};
/* End PBXGroup section */

/* Begin PBXHeadersBuildPhase section */
		7604D704185B499D0087773E /* Headers */ = {
			isa = PBXHeadersBuildPhase;
			buildActionMask = 2147483647;
			files = (
				76F015761959F38F00F9991E /* zone.h in Headers */,
				76FC3F2118CBB9DD008BAD08 /* MDWampMessage.h in Headers */,
				7619E68D18CF65D100B0209D /* MDWampTransportDelegate.h in Headers */,
				76BFC09B18CCF142007B518F /* MDWampSerialization.h in Headers */,
				76F015601959F38F00F9991E /* MessagePack.h in Headers */,
				7646E524185BBAEF004990DD /* MDWampClientDelegate.h in Headers */,
				7660CC121906E13200FCCD7A /* MDWampCall.h in Headers */,
				76BFC0A518CCF23A007B518F /* NSString+MDString.h in Headers */,
				7660CBF91906E05E00FCCD7A /* MDWampUnregistered.h in Headers */,
				76BFC09E18CCF1CB007B518F /* MDWampSerializationJSON.h in Headers */,
				76F015741959F38F00F9991E /* vrefbuffer.h in Headers */,
				7619E68B18CF65B400B0209D /* MDWampTransport.h in Headers */,
				76BFC0AC18CCF4B5007B518F /* MDWampMessages.h in Headers */,
				7660CC211906E16800FCCD7A /* MDWampYield.h in Headers */,
				76F015881959F38F00F9991E /* NSDictionary+MessagePack.h in Headers */,
				76F0156D1959F38F00F9991E /* pack_template.h in Headers */,
				76FD804B185BB3F000D1B5C0 /* MDWamp.h in Headers */,
				76F015731959F38F00F9991E /* version.h in Headers */,
				7660CC0E1906E0A000FCCD7A /* MDWampUnsubscribe.h in Headers */,
				76F015771959F38F00F9991E /* msgpack.h in Headers */,
				766CE94218F73B6A00CADAC9 /* MDWampSubscribe.h in Headers */,
				7619E68F18CF663200B0209D /* MDWampTransports.h in Headers */,
				7660CC1C1906E15300FCCD7A /* MDWampInvocation.h in Headers */,
				762A51DC195CADCE00A3B344 /* MDWamp-Prefix.pch in Headers */,
				76FC3F0B18CBB5A4008BAD08 /* MDWampGoodbye.h in Headers */,
				7619E69418CF6FF900B0209D /* MDWampTransportWebSocket.h in Headers */,
				76F015641959F38F00F9991E /* MessagePackParser+Streaming.h in Headers */,
				76F0156B1959F38F00F9991E /* pack.h in Headers */,
				76F0156F1959F38F00F9991E /* sysdep.h in Headers */,
				7660CC071906E0A000FCCD7A /* MDWampEvent.h in Headers */,
				76F015671959F38F00F9991E /* MessagePackParser.h in Headers */,
				7660CC171906E14000FCCD7A /* MDWampResult.h in Headers */,
				76FC3F0F18CBB5A4008BAD08 /* MDWampAbort.h in Headers */,
				76F015851959F38F00F9991E /* NSData+MessagePack.h in Headers */,
				760DA6F218EAF930006EC89C /* MDWampConstants.h in Headers */,
				7660CC041906E0A000FCCD7A /* MDWampRegistered.h in Headers */,
				7660CBF41906E04C00FCCD7A /* MDWampUnregister.h in Headers */,
				76BFC0AA18CCF3BF007B518F /* MDWampSerializations.h in Headers */,
				76FC3F2718CBD214008BAD08 /* NSMutableArray+MDStack.h in Headers */,
				76F015821959F38F00F9991E /* NSArray+MessagePack.h in Headers */,
				76FC3EE118CBB404008BAD08 /* MDWampHello.h in Headers */,
				76F015711959F38F00F9991E /* unpack_define.h in Headers */,
				7660CBDF1906DF7700FCCD7A /* MDWampPublished.h in Headers */,
				766CE94618F73F6F00CADAC9 /* MDWampSubscribed.h in Headers */,
				76F015721959F38F00F9991E /* unpack_template.h in Headers */,
				766CE93E18F73AA500CADAC9 /* MDWampPublish.h in Headers */,
				76F015751959F38F00F9991E /* zbuffer.h in Headers */,
				76F0156C1959F38F00F9991E /* pack_define.h in Headers */,
				76FC3EF318CBB4CC008BAD08 /* MDWampWelcome.h in Headers */,
				7660CC0F1906E0A000FCCD7A /* MDWampMessageFactory.h in Headers */,
				7660CBEA1906E03200FCCD7A /* MDWampRegister.h in Headers */,
				76F015701959F38F00F9991E /* unpack.h in Headers */,
				76F0158E1959F3DE00F9991E /* MDWampSerializationMsgpack.h in Headers */,
				763EEA6C18F8867F007329A6 /* MDWampUnsubscribed.h in Headers */,
				76F0156E1959F38F00F9991E /* sbuffer.h in Headers */,
				76F0156A1959F38F00F9991E /* object.h in Headers */,
				76F015611959F38F00F9991E /* MessagePackPacker.h in Headers */,
				76FC3F1518CBB5E9008BAD08 /* MDWampError.h in Headers */,
			);
			runOnlyForDeploymentPostprocessing = 0;
		};
/* End PBXHeadersBuildPhase section */

/* Begin PBXNativeTarget section */
		7604D706185B499D0087773E /* MDWamp */ = {
			isa = PBXNativeTarget;
			buildConfigurationList = 7604D72F185B499E0087773E /* Build configuration list for PBXNativeTarget "MDWamp" */;
			buildPhases = (
				7604D702185B499D0087773E /* Sources */,
				7604D703185B499D0087773E /* Frameworks */,
				7604D704185B499D0087773E /* Headers */,
				7604D705185B499D0087773E /* Resources */,
				7646E534185BCEAB004990DD /* CopyFiles */,
				76D8AE40194BA6E1003C0CEE /* ShellScript */,
			);
			buildRules = (
			);
			dependencies = (
			);
			name = MDWamp;
			productName = MDWamp;
			productReference = 7604D707185B499D0087773E /* MDWamp.framework */;
			productType = "com.apple.product-type.framework";
		};
		7604D71D185B499D0087773E /* MDWampTests */ = {
			isa = PBXNativeTarget;
			buildConfigurationList = 7604D732185B499E0087773E /* Build configuration list for PBXNativeTarget "MDWampTests" */;
			buildPhases = (
				7604D71A185B499D0087773E /* Sources */,
				7604D71B185B499D0087773E /* Frameworks */,
				7604D71C185B499D0087773E /* Resources */,
				7646E536185BCF08004990DD /* CopyFiles */,
			);
			buildRules = (
			);
			dependencies = (
				7604D723185B499E0087773E /* PBXTargetDependency */,
			);
			name = MDWampTests;
			productName = MDWampTests;
			productReference = 7604D71E185B499D0087773E /* MDWampTests.xctest */;
			productType = "com.apple.product-type.bundle.unit-test";
		};
		7604D765185B6B880087773E /* libMDWamp */ = {
			isa = PBXNativeTarget;
			buildConfigurationList = 7604D782185B6B880087773E /* Build configuration list for PBXNativeTarget "libMDWamp" */;
			buildPhases = (
				7604D762185B6B880087773E /* Sources */,
				7604D763185B6B880087773E /* Frameworks */,
				7604D764185B6B880087773E /* CopyFiles */,
			);
			buildRules = (
			);
			dependencies = (
			);
			name = libMDWamp;
			productName = libMDWamp;
			productReference = 7604D766185B6B880087773E /* libMDWamp.a */;
			productType = "com.apple.product-type.library.static";
		};
		7698B1BC19522AF80045D400 /* testcrossbar */ = {
			isa = PBXNativeTarget;
			buildConfigurationList = 7698B1E819522AF90045D400 /* Build configuration list for PBXNativeTarget "testcrossbar" */;
			buildPhases = (
				7698B1B919522AF80045D400 /* Sources */,
				7698B1BA19522AF80045D400 /* Frameworks */,
				7698B1BB19522AF80045D400 /* Resources */,
			);
			buildRules = (
			);
			dependencies = (
				7698B1EF19522B1C0045D400 /* PBXTargetDependency */,
			);
			name = testcrossbar;
			productName = testcrossbar;
			productReference = 7698B1BD19522AF80045D400 /* testcrossbar.app */;
			productType = "com.apple.product-type.application";
		};
/* End PBXNativeTarget section */

/* Begin PBXProject section */
		7604D6FE185B499D0087773E /* Project object */ = {
			isa = PBXProject;
			attributes = {
				LastUpgradeCheck = 0510;
				ORGANIZATIONNAME = mogui.it;
				TargetAttributes = {
					7604D71D185B499D0087773E = {
						TestTargetID = 7604D706185B499D0087773E;
					};
				};
			};
			buildConfigurationList = 7604D701185B499D0087773E /* Build configuration list for PBXProject "MDWamp" */;
			compatibilityVersion = "Xcode 3.2";
			developmentRegion = English;
			hasScannedForEncodings = 0;
			knownRegions = (
				en,
				Base,
			);
			mainGroup = 7604D6FD185B499D0087773E;
			productRefGroup = 7604D708185B499D0087773E /* Products */;
			projectDirPath = "";
			projectReferences = (
				{
					ProductGroup = 7604D78B185B6E6E0087773E /* Products */;
					ProjectRef = 7604D78A185B6E6E0087773E /* SocketRocket.xcodeproj */;
				},
			);
			projectRoot = "";
			targets = (
				7604D706185B499D0087773E /* MDWamp */,
				7604D71D185B499D0087773E /* MDWampTests */,
				7604D765185B6B880087773E /* libMDWamp */,
				7698B1BC19522AF80045D400 /* testcrossbar */,
			);
		};
/* End PBXProject section */

/* Begin PBXReferenceProxy section */
		7604D792185B6E6E0087773E /* libSocketRocket.a */ = {
			isa = PBXReferenceProxy;
			fileType = archive.ar;
			path = libSocketRocket.a;
			remoteRef = 7604D791185B6E6E0087773E /* PBXContainerItemProxy */;
			sourceTree = BUILT_PRODUCTS_DIR;
		};
		7604D794185B6E6E0087773E /* SocketRocket.framework */ = {
			isa = PBXReferenceProxy;
			fileType = wrapper.framework;
			path = SocketRocket.framework;
			remoteRef = 7604D793185B6E6E0087773E /* PBXContainerItemProxy */;
			sourceTree = BUILT_PRODUCTS_DIR;
		};
		7604D796185B6E6E0087773E /* SRWebSocketTests.octest */ = {
			isa = PBXReferenceProxy;
			fileType = wrapper.cfbundle;
			path = SRWebSocketTests.octest;
			remoteRef = 7604D795185B6E6E0087773E /* PBXContainerItemProxy */;
			sourceTree = BUILT_PRODUCTS_DIR;
		};
		7604D798185B6E6E0087773E /* TestChat.app */ = {
			isa = PBXReferenceProxy;
			fileType = wrapper.application;
			path = TestChat.app;
			remoteRef = 7604D797185B6E6E0087773E /* PBXContainerItemProxy */;
			sourceTree = BUILT_PRODUCTS_DIR;
		};
/* End PBXReferenceProxy section */

/* Begin PBXResourcesBuildPhase section */
		7604D705185B499D0087773E /* Resources */ = {
			isa = PBXResourcesBuildPhase;
			buildActionMask = 2147483647;
			files = (
				762A51DD195CADCE00A3B344 /* MDWamp-Info.plist in Resources */,
				76F0158B1959F38F00F9991E /* readme.md in Resources */,
			);
			runOnlyForDeploymentPostprocessing = 0;
		};
		7604D71C185B499D0087773E /* Resources */ = {
			isa = PBXResourcesBuildPhase;
			buildActionMask = 2147483647;
			files = (
				76CCC6F6185BD1F10056AB98 /* InfoPlist.strings in Resources */,
			);
			runOnlyForDeploymentPostprocessing = 0;
		};
		7698B1BB19522AF80045D400 /* Resources */ = {
			isa = PBXResourcesBuildPhase;
			buildActionMask = 2147483647;
			files = (
				7698B1D519522AF90045D400 /* Images.xcassets in Resources */,
				7698B1C719522AF80045D400 /* InfoPlist.strings in Resources */,
				7698B1D019522AF90045D400 /* Main.storyboard in Resources */,
			);
			runOnlyForDeploymentPostprocessing = 0;
		};
/* End PBXResourcesBuildPhase section */

/* Begin PBXShellScriptBuildPhase section */
		76D8AE40194BA6E1003C0CEE /* ShellScript */ = {
			isa = PBXShellScriptBuildPhase;
			buildActionMask = 2147483647;
			files = (
			);
			inputPaths = (
			);
			outputPaths = (
			);
			runOnlyForDeploymentPostprocessing = 0;
			shellPath = "/bin/sh ";
			shellScript = XcodeCoverage/exportenv.sh;
		};
/* End PBXShellScriptBuildPhase section */

/* Begin PBXSourcesBuildPhase section */
		7604D702185B499D0087773E /* Sources */ = {
			isa = PBXSourcesBuildPhase;
			buildActionMask = 2147483647;
			files = (
				76F0157C1959F38F00F9991E /* version.c in Sources */,
				7660CC081906E0A000FCCD7A /* MDWampEvent.m in Sources */,
				76F015681959F38F00F9991E /* MessagePackParser.m in Sources */,
				7660CBFA1906E05E00FCCD7A /* MDWampUnregistered.m in Sources */,
				7660CBE01906DF7700FCCD7A /* MDWampPublished.m in Sources */,
				76FC3F1618CBB5E9008BAD08 /* MDWampError.m in Sources */,
				7660CC1D1906E15300FCCD7A /* MDWampInvocation.m in Sources */,
				7660CC131906E13200FCCD7A /* MDWampCall.m in Sources */,
				7619E69518CF6FF900B0209D /* MDWampTransportWebSocket.m in Sources */,
				7660CC181906E14000FCCD7A /* MDWampResult.m in Sources */,
				76F0157E1959F38F00F9991E /* vrefbuffer.c in Sources */,
				7660CBEB1906E03200FCCD7A /* MDWampRegister.m in Sources */,
				76FC3EF418CBB4CC008BAD08 /* MDWampWelcome.m in Sources */,
				76F015651959F38F00F9991E /* MessagePackParser+Streaming.m in Sources */,
				7660CC0C1906E0A000FCCD7A /* MDWampUnsubscribe.m in Sources */,
				766CE93F18F73AA500CADAC9 /* MDWampPublish.m in Sources */,
				76F015831959F38F00F9991E /* NSArray+MessagePack.m in Sources */,
				76F015861959F38F00F9991E /* NSData+MessagePack.m in Sources */,
				76FC3F2818CBD214008BAD08 /* NSMutableArray+MDStack.m in Sources */,
				7660CBF51906E04C00FCCD7A /* MDWampUnregister.m in Sources */,
				766CE94718F73F6F00CADAC9 /* MDWampSubscribed.m in Sources */,
				76FC3F0C18CBB5A4008BAD08 /* MDWampGoodbye.m in Sources */,
				7660CC051906E0A000FCCD7A /* MDWampRegistered.m in Sources */,
				76F0157A1959F38F00F9991E /* unpack.c in Sources */,
				7660CC221906E16800FCCD7A /* MDWampYield.m in Sources */,
				76F015621959F38F00F9991E /* MessagePackPacker.m in Sources */,
				766CE94318F73B6A00CADAC9 /* MDWampSubscribe.m in Sources */,
				76F0158F1959F3DE00F9991E /* MDWampSerializationMsgpack.m in Sources */,
				76F015781959F38F00F9991E /* objectc.c in Sources */,
				76F015891959F38F00F9991E /* NSDictionary+MessagePack.m in Sources */,
				76FC3F1018CBB5A4008BAD08 /* MDWampAbort.m in Sources */,
				76FC3EE218CBB404008BAD08 /* MDWampHello.m in Sources */,
				7660CC0A1906E0A000FCCD7A /* MDWampMessageFactory.m in Sources */,
				76BFC0A618CCF23A007B518F /* NSString+MDString.m in Sources */,
				76FD804C185BB3F000D1B5C0 /* MDWamp.m in Sources */,
				76F015801959F38F00F9991E /* zone.c in Sources */,
				763EEA6D18F8867F007329A6 /* MDWampUnsubscribed.m in Sources */,
				76BFC09F18CCF1CB007B518F /* MDWampSerializationJSON.m in Sources */,
			);
			runOnlyForDeploymentPostprocessing = 0;
		};
		7604D71A185B499D0087773E /* Sources */ = {
			isa = PBXSourcesBuildPhase;
			buildActionMask = 2147483647;
			files = (
				765DD2D118E484D000D4C19F /* MDWampTransportMock.m in Sources */,
				760DA6FD18EB0E7D006EC89C /* MDWampMessagesTests.m in Sources */,
				7619E69A18CF8E9F00B0209D /* MDWampTests.m in Sources */,
				76EF81DB18D1087000DFB13B /* MDWampSerializationMock.m in Sources */,
				7659705918620990008B7709 /* XCTAsyncTestCase.m in Sources */,
				760DA6FB18EB0A9E006EC89C /* MDWampMessageFactoryTests.m in Sources */,
				76414F531950C8E900788300 /* MDWampTransportdelegateMock.m in Sources */,
				76CCC6F7185BD1F10056AB98 /* MDWampClientDelegateMock.m in Sources */,
				7698B1B41952278E0045D400 /* MDWampSerializations.m in Sources */,
				76414F501950C86400788300 /* MDWampTransportWebSocketTests.m in Sources */,
				764374A2194E238D000F29A8 /* MDStackTest.m in Sources */,
			);
			runOnlyForDeploymentPostprocessing = 0;
		};
		7604D762185B6B880087773E /* Sources */ = {
			isa = PBXSourcesBuildPhase;
			buildActionMask = 2147483647;
			files = (
				76F0157D1959F38F00F9991E /* version.c in Sources */,
				7698B1F019522C530045D400 /* MDWampSubscribe.m in Sources */,
				76F015691959F38F00F9991E /* MessagePackParser.m in Sources */,
				7698B1F119522C530045D400 /* MDWampPublish.m in Sources */,
				76FC3F1818CBB5E9008BAD08 /* MDWampError.m in Sources */,
				7619E69718CF6FF900B0209D /* MDWampTransportWebSocket.m in Sources */,
				7660CC091906E0A000FCCD7A /* MDWampEvent.m in Sources */,
				76FC3EF618CBB4CC008BAD08 /* MDWampWelcome.m in Sources */,
				7660CC141906E13200FCCD7A /* MDWampCall.m in Sources */,
				7660CC231906E16800FCCD7A /* MDWampYield.m in Sources */,
				76F0157F1959F38F00F9991E /* vrefbuffer.c in Sources */,
				76FC3F2A18CBD214008BAD08 /* NSMutableArray+MDStack.m in Sources */,
				7660CC0D1906E0A000FCCD7A /* MDWampUnsubscribe.m in Sources */,
				76F015661959F38F00F9991E /* MessagePackParser+Streaming.m in Sources */,
				7660CBF61906E04C00FCCD7A /* MDWampUnregister.m in Sources */,
				76FC3F0E18CBB5A4008BAD08 /* MDWampGoodbye.m in Sources */,
				76F015841959F38F00F9991E /* NSArray+MessagePack.m in Sources */,
				76F015871959F38F00F9991E /* NSData+MessagePack.m in Sources */,
				763EEA6E18F8867F007329A6 /* MDWampUnsubscribed.m in Sources */,
				76FC3F1218CBB5A4008BAD08 /* MDWampAbort.m in Sources */,
				7660CC1E1906E15300FCCD7A /* MDWampInvocation.m in Sources */,
				76FC3EE418CBB404008BAD08 /* MDWampHello.m in Sources */,
				7660CBE11906DF7700FCCD7A /* MDWampPublished.m in Sources */,
				76F0157B1959F38F00F9991E /* unpack.c in Sources */,
				7660CC0B1906E0A000FCCD7A /* MDWampMessageFactory.m in Sources */,
				76F015631959F38F00F9991E /* MessagePackPacker.m in Sources */,
				7660CC191906E14000FCCD7A /* MDWampResult.m in Sources */,
				76F015901959F3DE00F9991E /* MDWampSerializationMsgpack.m in Sources */,
				76F015791959F38F00F9991E /* objectc.c in Sources */,
				76F0158A1959F38F00F9991E /* NSDictionary+MessagePack.m in Sources */,
				76BFC0A818CCF23A007B518F /* NSString+MDString.m in Sources */,
				7660CBFB1906E05E00FCCD7A /* MDWampUnregistered.m in Sources */,
				7660CC061906E0A000FCCD7A /* MDWampRegistered.m in Sources */,
				766CE94818F73F6F00CADAC9 /* MDWampSubscribed.m in Sources */,
				76FD804E185BB3F000D1B5C0 /* MDWamp.m in Sources */,
				76F015811959F38F00F9991E /* zone.c in Sources */,
				7660CBEC1906E03200FCCD7A /* MDWampRegister.m in Sources */,
				76BFC0A118CCF1CB007B518F /* MDWampSerializationJSON.m in Sources */,
			);
			runOnlyForDeploymentPostprocessing = 0;
		};
		7698B1B919522AF80045D400 /* Sources */ = {
			isa = PBXSourcesBuildPhase;
			buildActionMask = 2147483647;
			files = (
				7698B1D319522AF90045D400 /* ViewController.m in Sources */,
				7698B1CD19522AF90045D400 /* AppDelegate.m in Sources */,
				7698B1C919522AF80045D400 /* main.m in Sources */,
			);
			runOnlyForDeploymentPostprocessing = 0;
		};
/* End PBXSourcesBuildPhase section */

/* Begin PBXTargetDependency section */
		7604D723185B499E0087773E /* PBXTargetDependency */ = {
			isa = PBXTargetDependency;
			target = 7604D706185B499D0087773E /* MDWamp */;
			targetProxy = 7604D722185B499E0087773E /* PBXContainerItemProxy */;
		};
		7698B1EF19522B1C0045D400 /* PBXTargetDependency */ = {
			isa = PBXTargetDependency;
			target = 7604D765185B6B880087773E /* libMDWamp */;
			targetProxy = 7698B1EE19522B1C0045D400 /* PBXContainerItemProxy */;
		};
/* End PBXTargetDependency section */

/* Begin PBXVariantGroup section */
		7698B1C519522AF80045D400 /* InfoPlist.strings */ = {
			isa = PBXVariantGroup;
			children = (
				7698B1C619522AF80045D400 /* en */,
			);
			name = InfoPlist.strings;
			sourceTree = "<group>";
		};
		7698B1CE19522AF90045D400 /* Main.storyboard */ = {
			isa = PBXVariantGroup;
			children = (
				7698B1CF19522AF90045D400 /* Base */,
			);
			name = Main.storyboard;
			sourceTree = "<group>";
		};
		76CCC6EE185BD1F10056AB98 /* InfoPlist.strings */ = {
			isa = PBXVariantGroup;
			children = (
				76CCC6EF185BD1F10056AB98 /* en */,
			);
			name = InfoPlist.strings;
			sourceTree = "<group>";
		};
/* End PBXVariantGroup section */

/* Begin XCBuildConfiguration section */
		7604D72D185B499E0087773E /* Debug */ = {
			isa = XCBuildConfiguration;
			buildSettings = {
				ALWAYS_SEARCH_USER_PATHS = NO;
				CLANG_CXX_LANGUAGE_STANDARD = "gnu++0x";
				CLANG_CXX_LIBRARY = "libc++";
				CLANG_ENABLE_OBJC_ARC = YES;
				CLANG_WARN_BOOL_CONVERSION = YES;
				CLANG_WARN_CONSTANT_CONVERSION = YES;
				CLANG_WARN_DIRECT_OBJC_ISA_USAGE = YES_ERROR;
				CLANG_WARN_EMPTY_BODY = YES;
				CLANG_WARN_ENUM_CONVERSION = YES;
				CLANG_WARN_INT_CONVERSION = YES;
				CLANG_WARN_OBJC_ROOT_CLASS = YES_ERROR;
				CLANG_WARN__DUPLICATE_METHOD_MATCH = YES;
				COPY_PHASE_STRIP = NO;
				GCC_C_LANGUAGE_STANDARD = gnu99;
				GCC_DYNAMIC_NO_PIC = NO;
				GCC_ENABLE_OBJC_EXCEPTIONS = YES;
				GCC_GENERATE_TEST_COVERAGE_FILES = YES;
				GCC_INSTRUMENT_PROGRAM_FLOW_ARCS = YES;
				GCC_OPTIMIZATION_LEVEL = 0;
				GCC_PREPROCESSOR_DEFINITIONS = (
					"DEBUG=1",
					"$(inherited)",
				);
				GCC_SYMBOLS_PRIVATE_EXTERN = NO;
				GCC_WARN_64_TO_32_BIT_CONVERSION = YES;
				GCC_WARN_ABOUT_RETURN_TYPE = YES_ERROR;
				GCC_WARN_UNDECLARED_SELECTOR = YES;
				GCC_WARN_UNINITIALIZED_AUTOS = YES;
				GCC_WARN_UNUSED_FUNCTION = YES;
				GCC_WARN_UNUSED_VARIABLE = YES;
				IPHONEOS_DEPLOYMENT_TARGET = 6.1;
				MACOSX_DEPLOYMENT_TARGET = 10.7;
				ONLY_ACTIVE_ARCH = YES;
				SDKROOT = macosx;
			};
			name = Debug;
		};
		7604D72E185B499E0087773E /* Release */ = {
			isa = XCBuildConfiguration;
			buildSettings = {
				ALWAYS_SEARCH_USER_PATHS = NO;
				CLANG_CXX_LANGUAGE_STANDARD = "gnu++0x";
				CLANG_CXX_LIBRARY = "libc++";
				CLANG_ENABLE_OBJC_ARC = YES;
				CLANG_WARN_BOOL_CONVERSION = YES;
				CLANG_WARN_CONSTANT_CONVERSION = YES;
				CLANG_WARN_DIRECT_OBJC_ISA_USAGE = YES_ERROR;
				CLANG_WARN_EMPTY_BODY = YES;
				CLANG_WARN_ENUM_CONVERSION = YES;
				CLANG_WARN_INT_CONVERSION = YES;
				CLANG_WARN_OBJC_ROOT_CLASS = YES_ERROR;
				CLANG_WARN__DUPLICATE_METHOD_MATCH = YES;
				COPY_PHASE_STRIP = YES;
				DEBUG_INFORMATION_FORMAT = "dwarf-with-dsym";
				ENABLE_NS_ASSERTIONS = NO;
				GCC_C_LANGUAGE_STANDARD = gnu99;
				GCC_ENABLE_OBJC_EXCEPTIONS = YES;
				GCC_WARN_64_TO_32_BIT_CONVERSION = YES;
				GCC_WARN_ABOUT_RETURN_TYPE = YES_ERROR;
				GCC_WARN_UNDECLARED_SELECTOR = YES;
				GCC_WARN_UNINITIALIZED_AUTOS = YES;
				GCC_WARN_UNUSED_FUNCTION = YES;
				GCC_WARN_UNUSED_VARIABLE = YES;
				IPHONEOS_DEPLOYMENT_TARGET = 6.1;
				MACOSX_DEPLOYMENT_TARGET = 10.7;
				SDKROOT = macosx;
			};
			name = Release;
		};
		7604D730185B499E0087773E /* Debug */ = {
			isa = XCBuildConfiguration;
			buildSettings = {
				COMBINE_HIDPI_IMAGES = YES;
				DYLIB_COMPATIBILITY_VERSION = 1;
				DYLIB_CURRENT_VERSION = 1;
				FRAMEWORK_VERSION = A;
				GCC_GENERATE_TEST_COVERAGE_FILES = YES;
				GCC_PRECOMPILE_PREFIX_HEADER = YES;
				GCC_PREFIX_HEADER = "MDWamp/MDWamp-Prefix.pch";
				GENERATE_PROFILING_CODE = YES;
				HEADER_SEARCH_PATHS = (
					"$(inherited)",
					/Applications/Xcode.app/Contents/Developer/Toolchains/XcodeDefault.xctoolchain/usr/include,
					"$(SRCROOT)/**",
				);
				INFOPLIST_FILE = "MDWamp/MDWamp-Info.plist";
				MACOSX_DEPLOYMENT_TARGET = 10.7;
				OTHER_LDFLAGS = "-ObjC";
				PRODUCT_NAME = MDWamp;
				WRAPPER_EXTENSION = framework;
			};
			name = Debug;
		};
		7604D731185B499E0087773E /* Release */ = {
			isa = XCBuildConfiguration;
			buildSettings = {
				COMBINE_HIDPI_IMAGES = YES;
				DYLIB_COMPATIBILITY_VERSION = 1;
				DYLIB_CURRENT_VERSION = 1;
				FRAMEWORK_VERSION = A;
				GCC_PRECOMPILE_PREFIX_HEADER = YES;
				GCC_PREFIX_HEADER = "MDWamp/MDWamp-Prefix.pch";
				HEADER_SEARCH_PATHS = (
					"$(inherited)",
					/Applications/Xcode.app/Contents/Developer/Toolchains/XcodeDefault.xctoolchain/usr/include,
					"$(SRCROOT)/**",
				);
				INFOPLIST_FILE = "MDWamp/MDWamp-Info.plist";
				MACOSX_DEPLOYMENT_TARGET = 10.7;
				OTHER_LDFLAGS = "-ObjC";
				PRODUCT_NAME = MDWamp;
				WRAPPER_EXTENSION = framework;
			};
			name = Release;
		};
		7604D733185B499E0087773E /* Debug */ = {
			isa = XCBuildConfiguration;
			buildSettings = {
				BUNDLE_LOADER = "$(BUILT_PRODUCTS_DIR)/MDWamp.framework/Versions/A/MDWamp";
				COMBINE_HIDPI_IMAGES = YES;
				FRAMEWORK_SEARCH_PATHS = (
					"$(DEVELOPER_FRAMEWORKS_DIR)",
					"$(inherited)",
				);
				GCC_GENERATE_TEST_COVERAGE_FILES = YES;
				GCC_INSTRUMENT_PROGRAM_FLOW_ARCS = YES;
				GCC_PRECOMPILE_PREFIX_HEADER = YES;
				GCC_PREFIX_HEADER = "MDWamp/MDWamp-Prefix.pch";
				GCC_PREPROCESSOR_DEFINITIONS = (
					"DEBUG=1",
					"$(inherited)",
				);
				HEADER_SEARCH_PATHS = (
					"$(inherited)",
					/Applications/Xcode.app/Contents/Developer/Toolchains/XcodeDefault.xctoolchain/usr/include,
					"$(SRCROOT)/**",
				);
				INFOPLIST_FILE = "MDWampTests/MDWampTests-Info.plist";
				OTHER_LDFLAGS = (
					"$(inherited)",
					"-framework",
					XCTest,
				);
				PRODUCT_NAME = "$(TARGET_NAME)";
				TEST_HOST = "$(BUNDLE_LOADER)";
				WRAPPER_EXTENSION = xctest;
			};
			name = Debug;
		};
		7604D734185B499E0087773E /* Release */ = {
			isa = XCBuildConfiguration;
			buildSettings = {
				BUNDLE_LOADER = "$(BUILT_PRODUCTS_DIR)/MDWamp.framework/Versions/A/MDWamp";
				COMBINE_HIDPI_IMAGES = YES;
				FRAMEWORK_SEARCH_PATHS = (
					"$(DEVELOPER_FRAMEWORKS_DIR)",
					"$(inherited)",
				);
				GCC_PRECOMPILE_PREFIX_HEADER = YES;
				GCC_PREFIX_HEADER = "MDWamp/MDWamp-Prefix.pch";
				HEADER_SEARCH_PATHS = (
					"$(inherited)",
					/Applications/Xcode.app/Contents/Developer/Toolchains/XcodeDefault.xctoolchain/usr/include,
					"$(SRCROOT)/**",
				);
				INFOPLIST_FILE = "MDWampTests/MDWampTests-Info.plist";
				OTHER_LDFLAGS = (
					"$(inherited)",
					"-framework",
					XCTest,
				);
				PRODUCT_NAME = "$(TARGET_NAME)";
				TEST_HOST = "$(BUNDLE_LOADER)";
				WRAPPER_EXTENSION = xctest;
			};
			name = Release;
		};
		7604D783185B6B880087773E /* Debug */ = {
			isa = XCBuildConfiguration;
			buildSettings = {
				CLANG_ENABLE_MODULES = YES;
				DSTROOT = /tmp/libMDWamp.dst;
				GCC_PRECOMPILE_PREFIX_HEADER = YES;
				GCC_PREFIX_HEADER = "MDWamp/MDWamp-Prefix.pch";
				GCC_PREPROCESSOR_DEFINITIONS = (
					"DEBUG=1",
					"$(inherited)",
				);
				HEADER_SEARCH_PATHS = (
					"$(inherited)",
					/Applications/Xcode.app/Contents/Developer/Toolchains/XcodeDefault.xctoolchain/usr/include,
					"$(SRCROOT)/**",
				);
				IPHONEOS_DEPLOYMENT_TARGET = 6.0;
				OTHER_LDFLAGS = "-ObjC";
				PRODUCT_NAME = MDWamp;
				SDKROOT = iphoneos;
				SKIP_INSTALL = YES;
			};
			name = Debug;
		};
		7604D784185B6B880087773E /* Release */ = {
			isa = XCBuildConfiguration;
			buildSettings = {
				CLANG_ENABLE_MODULES = YES;
				DSTROOT = /tmp/libMDWamp.dst;
				GCC_PRECOMPILE_PREFIX_HEADER = YES;
				GCC_PREFIX_HEADER = "MDWamp/MDWamp-Prefix.pch";
				HEADER_SEARCH_PATHS = (
					"$(inherited)",
					/Applications/Xcode.app/Contents/Developer/Toolchains/XcodeDefault.xctoolchain/usr/include,
					"$(SRCROOT)/**",
				);
				IPHONEOS_DEPLOYMENT_TARGET = 6.0;
				OTHER_LDFLAGS = "-ObjC";
				PRODUCT_NAME = MDWamp;
				SDKROOT = iphoneos;
				SKIP_INSTALL = YES;
				VALIDATE_PRODUCT = YES;
			};
			name = Release;
		};
		7698B1E919522AF90045D400 /* Debug */ = {
			isa = XCBuildConfiguration;
			buildSettings = {
				ASSETCATALOG_COMPILER_APPICON_NAME = AppIcon;
				ASSETCATALOG_COMPILER_LAUNCHIMAGE_NAME = LaunchImage;
				CLANG_ENABLE_MODULES = YES;
				"CODE_SIGN_IDENTITY[sdk=iphoneos*]" = "iPhone Developer";
				FRAMEWORK_SEARCH_PATHS = (
					"$(inherited)",
					"$(DEVELOPER_FRAMEWORKS_DIR)",
				);
				GCC_PRECOMPILE_PREFIX_HEADER = YES;
				GCC_PREFIX_HEADER = "testcrossbar/testcrossbar-Prefix.pch";
				GCC_PREPROCESSOR_DEFINITIONS = (
					"DEBUG=1",
					"$(inherited)",
				);
				GCC_WARN_UNINITIALIZED_AUTOS = YES_AGGRESSIVE;
				INFOPLIST_FILE = "testcrossbar/testcrossbar-Info.plist";
				IPHONEOS_DEPLOYMENT_TARGET = 7.1;
				OTHER_LDFLAGS = "-ObjC";
				PRODUCT_NAME = "$(TARGET_NAME)";
				SDKROOT = iphoneos;
				WRAPPER_EXTENSION = app;
			};
			name = Debug;
		};
		7698B1EA19522AF90045D400 /* Release */ = {
			isa = XCBuildConfiguration;
			buildSettings = {
				ASSETCATALOG_COMPILER_APPICON_NAME = AppIcon;
				ASSETCATALOG_COMPILER_LAUNCHIMAGE_NAME = LaunchImage;
				CLANG_ENABLE_MODULES = YES;
				"CODE_SIGN_IDENTITY[sdk=iphoneos*]" = "iPhone Developer";
				FRAMEWORK_SEARCH_PATHS = (
					"$(inherited)",
					"$(DEVELOPER_FRAMEWORKS_DIR)",
				);
				GCC_PRECOMPILE_PREFIX_HEADER = YES;
				GCC_PREFIX_HEADER = "testcrossbar/testcrossbar-Prefix.pch";
				GCC_WARN_UNINITIALIZED_AUTOS = YES_AGGRESSIVE;
				INFOPLIST_FILE = "testcrossbar/testcrossbar-Info.plist";
				IPHONEOS_DEPLOYMENT_TARGET = 7.1;
				OTHER_LDFLAGS = "-ObjC";
				PRODUCT_NAME = "$(TARGET_NAME)";
				SDKROOT = iphoneos;
				VALIDATE_PRODUCT = YES;
				WRAPPER_EXTENSION = app;
			};
			name = Release;
		};
/* End XCBuildConfiguration section */

/* Begin XCConfigurationList section */
		7604D701185B499D0087773E /* Build configuration list for PBXProject "MDWamp" */ = {
			isa = XCConfigurationList;
			buildConfigurations = (
				7604D72D185B499E0087773E /* Debug */,
				7604D72E185B499E0087773E /* Release */,
			);
			defaultConfigurationIsVisible = 0;
			defaultConfigurationName = Release;
		};
		7604D72F185B499E0087773E /* Build configuration list for PBXNativeTarget "MDWamp" */ = {
			isa = XCConfigurationList;
			buildConfigurations = (
				7604D730185B499E0087773E /* Debug */,
				7604D731185B499E0087773E /* Release */,
			);
			defaultConfigurationIsVisible = 0;
			defaultConfigurationName = Release;
		};
		7604D732185B499E0087773E /* Build configuration list for PBXNativeTarget "MDWampTests" */ = {
			isa = XCConfigurationList;
			buildConfigurations = (
				7604D733185B499E0087773E /* Debug */,
				7604D734185B499E0087773E /* Release */,
			);
			defaultConfigurationIsVisible = 0;
			defaultConfigurationName = Release;
		};
		7604D782185B6B880087773E /* Build configuration list for PBXNativeTarget "libMDWamp" */ = {
			isa = XCConfigurationList;
			buildConfigurations = (
				7604D783185B6B880087773E /* Debug */,
				7604D784185B6B880087773E /* Release */,
			);
			defaultConfigurationIsVisible = 0;
			defaultConfigurationName = Release;
		};
		7698B1E819522AF90045D400 /* Build configuration list for PBXNativeTarget "testcrossbar" */ = {
			isa = XCConfigurationList;
			buildConfigurations = (
				7698B1E919522AF90045D400 /* Debug */,
				7698B1EA19522AF90045D400 /* Release */,
			);
			defaultConfigurationIsVisible = 0;
			defaultConfigurationName = Release;
		};
/* End XCConfigurationList section */
	};
	rootObject = 7604D6FE185B499D0087773E /* Project object */;
}
